// !$*UTF8*$!
{
	archiveVersion = 1;
	classes = {
	};
	objectVersion = 46;
	objects = {

/* Begin PBXBuildFile section */
		182B12351CC9ED5600FB9F55 /* YHUser.m in Sources */ = {isa = PBXBuildFile; fileRef = 182B12341CC9ED5600FB9F55 /* YHUser.m */; };
		182B12381CC9F74800FB9F55 /* YHPhoto.m in Sources */ = {isa = PBXBuildFile; fileRef = 182B12371CC9F74800FB9F55 /* YHPhoto.m */; };
		182B125B1CCA098400FB9F55 /* MKAnnotationView+WebCache.m in Sources */ = {isa = PBXBuildFile; fileRef = 182B123B1CCA098400FB9F55 /* MKAnnotationView+WebCache.m */; };
		182B125C1CCA098400FB9F55 /* NSData+ImageContentType.m in Sources */ = {isa = PBXBuildFile; fileRef = 182B123D1CCA098400FB9F55 /* NSData+ImageContentType.m */; };
		182B125D1CCA098400FB9F55 /* SDImageCache.m in Sources */ = {isa = PBXBuildFile; fileRef = 182B123F1CCA098400FB9F55 /* SDImageCache.m */; };
		182B125E1CCA098400FB9F55 /* SDWebImageCompat.m in Sources */ = {isa = PBXBuildFile; fileRef = 182B12411CCA098400FB9F55 /* SDWebImageCompat.m */; };
		182B125F1CCA098400FB9F55 /* SDWebImageDecoder.m in Sources */ = {isa = PBXBuildFile; fileRef = 182B12431CCA098400FB9F55 /* SDWebImageDecoder.m */; };
		182B12601CCA098400FB9F55 /* SDWebImageDownloader.m in Sources */ = {isa = PBXBuildFile; fileRef = 182B12451CCA098400FB9F55 /* SDWebImageDownloader.m */; };
		182B12611CCA098400FB9F55 /* SDWebImageDownloaderOperation.m in Sources */ = {isa = PBXBuildFile; fileRef = 182B12471CCA098400FB9F55 /* SDWebImageDownloaderOperation.m */; };
		182B12621CCA098400FB9F55 /* SDWebImageManager.m in Sources */ = {isa = PBXBuildFile; fileRef = 182B12491CCA098400FB9F55 /* SDWebImageManager.m */; };
		182B12631CCA098400FB9F55 /* SDWebImagePrefetcher.m in Sources */ = {isa = PBXBuildFile; fileRef = 182B124C1CCA098400FB9F55 /* SDWebImagePrefetcher.m */; };
		182B12641CCA098400FB9F55 /* UIButton+WebCache.m in Sources */ = {isa = PBXBuildFile; fileRef = 182B124E1CCA098400FB9F55 /* UIButton+WebCache.m */; };
		182B12651CCA098400FB9F55 /* UIImage+GIF.m in Sources */ = {isa = PBXBuildFile; fileRef = 182B12501CCA098400FB9F55 /* UIImage+GIF.m */; };
		182B12661CCA098400FB9F55 /* UIImage+MultiFormat.m in Sources */ = {isa = PBXBuildFile; fileRef = 182B12521CCA098400FB9F55 /* UIImage+MultiFormat.m */; };
		182B12671CCA098400FB9F55 /* UIImage+WebP.m in Sources */ = {isa = PBXBuildFile; fileRef = 182B12541CCA098400FB9F55 /* UIImage+WebP.m */; };
		182B12681CCA098400FB9F55 /* UIImageView+HighlightedWebCache.m in Sources */ = {isa = PBXBuildFile; fileRef = 182B12561CCA098400FB9F55 /* UIImageView+HighlightedWebCache.m */; };
		182B12691CCA098400FB9F55 /* UIImageView+WebCache.m in Sources */ = {isa = PBXBuildFile; fileRef = 182B12581CCA098400FB9F55 /* UIImageView+WebCache.m */; };
		182B126A1CCA098400FB9F55 /* UIView+WebCacheOperation.m in Sources */ = {isa = PBXBuildFile; fileRef = 182B125A1CCA098400FB9F55 /* UIView+WebCacheOperation.m */; };
		185CF8171CB65A32005E1EEC /* main.m in Sources */ = {isa = PBXBuildFile; fileRef = 185CF8161CB65A32005E1EEC /* main.m */; };
		185CF81A1CB65A32005E1EEC /* AppDelegate.m in Sources */ = {isa = PBXBuildFile; fileRef = 185CF8191CB65A32005E1EEC /* AppDelegate.m */; };
		185CF81D1CB65A32005E1EEC /* ViewController.m in Sources */ = {isa = PBXBuildFile; fileRef = 185CF81C1CB65A32005E1EEC /* ViewController.m */; };
		185CF8221CB65A32005E1EEC /* Assets.xcassets in Resources */ = {isa = PBXBuildFile; fileRef = 185CF8211CB65A32005E1EEC /* Assets.xcassets */; };
		185CF8251CB65A32005E1EEC /* LaunchScreen.storyboard in Resources */ = {isa = PBXBuildFile; fileRef = 185CF8231CB65A32005E1EEC /* LaunchScreen.storyboard */; };
		185CF8301CB65A32005E1EEC /* ____Tests.m in Sources */ = {isa = PBXBuildFile; fileRef = 185CF82F1CB65A32005E1EEC /* ____Tests.m */; };
		185CF83B1CB65A32005E1EEC /* ____UITests.m in Sources */ = {isa = PBXBuildFile; fileRef = 185CF83A1CB65A32005E1EEC /* ____UITests.m */; };
		185CF84A1CB74171005E1EEC /* YYHTabBar.m in Sources */ = {isa = PBXBuildFile; fileRef = 185CF8491CB74171005E1EEC /* YYHTabBar.m */; };
		185CF84E1CB74C1E005E1EEC /* UIKit.framework in Frameworks */ = {isa = PBXBuildFile; fileRef = 185CF84D1CB74C1E005E1EEC /* UIKit.framework */; };
		185CF8511CB751D7005E1EEC /* YYHUtill.m in Sources */ = {isa = PBXBuildFile; fileRef = 185CF8501CB751D7005E1EEC /* YYHUtill.m */; };
		185EDE8A1CC5F97900BBDFCE /* YHSearchBar.m in Sources */ = {isa = PBXBuildFile; fileRef = 185EDE891CC5F97900BBDFCE /* YHSearchBar.m */; };
		185EDE921CC60C3B00BBDFCE /* YHNewFeatureController.m in Sources */ = {isa = PBXBuildFile; fileRef = 185EDE911CC60C3B00BBDFCE /* YHNewFeatureController.m */; };
		185EDE951CC611EC00BBDFCE /* YHNewFeatureCell.m in Sources */ = {isa = PBXBuildFile; fileRef = 185EDE941CC611EC00BBDFCE /* YHNewFeatureCell.m */; };
		185EDE9D1CC7A05D00BBDFCE /* YHOAuthViewController.m in Sources */ = {isa = PBXBuildFile; fileRef = 185EDE9C1CC7A05D00BBDFCE /* YHOAuthViewController.m */; };
		185EDEA21CC89ACB00BBDFCE /* MBProgressHUD.m in Sources */ = {isa = PBXBuildFile; fileRef = 185EDEA11CC89ACB00BBDFCE /* MBProgressHUD.m */; };
		185EDEB11CC8A77F00BBDFCE /* AFHTTPSessionManager.m in Sources */ = {isa = PBXBuildFile; fileRef = 185EDEA51CC8A77F00BBDFCE /* AFHTTPSessionManager.m */; };
		185EDEB21CC8A77F00BBDFCE /* AFNetworkReachabilityManager.m in Sources */ = {isa = PBXBuildFile; fileRef = 185EDEA81CC8A77F00BBDFCE /* AFNetworkReachabilityManager.m */; };
		185EDEB31CC8A77F00BBDFCE /* AFSecurityPolicy.m in Sources */ = {isa = PBXBuildFile; fileRef = 185EDEAA1CC8A77F00BBDFCE /* AFSecurityPolicy.m */; };
		185EDEB41CC8A77F00BBDFCE /* AFURLRequestSerialization.m in Sources */ = {isa = PBXBuildFile; fileRef = 185EDEAC1CC8A77F00BBDFCE /* AFURLRequestSerialization.m */; };
		185EDEB51CC8A77F00BBDFCE /* AFURLResponseSerialization.m in Sources */ = {isa = PBXBuildFile; fileRef = 185EDEAE1CC8A77F00BBDFCE /* AFURLResponseSerialization.m */; };
		185EDEB61CC8A77F00BBDFCE /* AFURLSessionManager.m in Sources */ = {isa = PBXBuildFile; fileRef = 185EDEB01CC8A77F00BBDFCE /* AFURLSessionManager.m */; };
		185EDEB91CC8B22500BBDFCE /* YHAccount.m in Sources */ = {isa = PBXBuildFile; fileRef = 185EDEB81CC8B22500BBDFCE /* YHAccount.m */; };
		185EDEBE1CC8B71700BBDFCE /* YHAccountTool.m in Sources */ = {isa = PBXBuildFile; fileRef = 185EDEBD1CC8B71700BBDFCE /* YHAccountTool.m */; };
		185EDEC21CC8C0C200BBDFCE /* YHRootTool.m in Sources */ = {isa = PBXBuildFile; fileRef = 185EDEC11CC8C0C200BBDFCE /* YHRootTool.m */; };
		185EDEF01CC8D0E200BBDFCE /* MJRefreshAutoFooter.m in Sources */ = {isa = PBXBuildFile; fileRef = 185EDEC61CC8D0E200BBDFCE /* MJRefreshAutoFooter.m */; };
		185EDEF11CC8D0E200BBDFCE /* MJRefreshBackFooter.m in Sources */ = {isa = PBXBuildFile; fileRef = 185EDEC81CC8D0E200BBDFCE /* MJRefreshBackFooter.m */; };
		185EDEF21CC8D0E200BBDFCE /* MJRefreshComponent.m in Sources */ = {isa = PBXBuildFile; fileRef = 185EDECA1CC8D0E200BBDFCE /* MJRefreshComponent.m */; };
		185EDEF31CC8D0E200BBDFCE /* MJRefreshFooter.m in Sources */ = {isa = PBXBuildFile; fileRef = 185EDECC1CC8D0E200BBDFCE /* MJRefreshFooter.m */; };
		185EDEF41CC8D0E200BBDFCE /* MJRefreshHeader.m in Sources */ = {isa = PBXBuildFile; fileRef = 185EDECE1CC8D0E200BBDFCE /* MJRefreshHeader.m */; };
		185EDEF51CC8D0E200BBDFCE /* MJRefreshAutoGifFooter.m in Sources */ = {isa = PBXBuildFile; fileRef = 185EDED31CC8D0E200BBDFCE /* MJRefreshAutoGifFooter.m */; };
		185EDEF61CC8D0E200BBDFCE /* MJRefreshAutoNormalFooter.m in Sources */ = {isa = PBXBuildFile; fileRef = 185EDED51CC8D0E200BBDFCE /* MJRefreshAutoNormalFooter.m */; };
		185EDEF71CC8D0E200BBDFCE /* MJRefreshAutoStateFooter.m in Sources */ = {isa = PBXBuildFile; fileRef = 185EDED71CC8D0E200BBDFCE /* MJRefreshAutoStateFooter.m */; };
		185EDEF81CC8D0E200BBDFCE /* MJRefreshBackGifFooter.m in Sources */ = {isa = PBXBuildFile; fileRef = 185EDEDA1CC8D0E200BBDFCE /* MJRefreshBackGifFooter.m */; };
		185EDEF91CC8D0E200BBDFCE /* MJRefreshBackNormalFooter.m in Sources */ = {isa = PBXBuildFile; fileRef = 185EDEDC1CC8D0E200BBDFCE /* MJRefreshBackNormalFooter.m */; };
		185EDEFA1CC8D0E200BBDFCE /* MJRefreshBackStateFooter.m in Sources */ = {isa = PBXBuildFile; fileRef = 185EDEDE1CC8D0E200BBDFCE /* MJRefreshBackStateFooter.m */; };
		185EDEFB1CC8D0E200BBDFCE /* MJRefreshGifHeader.m in Sources */ = {isa = PBXBuildFile; fileRef = 185EDEE11CC8D0E200BBDFCE /* MJRefreshGifHeader.m */; };
		185EDEFC1CC8D0E200BBDFCE /* MJRefreshNormalHeader.m in Sources */ = {isa = PBXBuildFile; fileRef = 185EDEE31CC8D0E200BBDFCE /* MJRefreshNormalHeader.m */; };
		185EDEFD1CC8D0E200BBDFCE /* MJRefreshStateHeader.m in Sources */ = {isa = PBXBuildFile; fileRef = 185EDEE51CC8D0E200BBDFCE /* MJRefreshStateHeader.m */; };
		185EDEFE1CC8D0E200BBDFCE /* MJRefresh.bundle in Resources */ = {isa = PBXBuildFile; fileRef = 185EDEE61CC8D0E200BBDFCE /* MJRefresh.bundle */; };
		185EDEFF1CC8D0E200BBDFCE /* MJRefreshConst.m in Sources */ = {isa = PBXBuildFile; fileRef = 185EDEE91CC8D0E200BBDFCE /* MJRefreshConst.m */; };
		185EDF001CC8D0E200BBDFCE /* UIScrollView+MJExtension.m in Sources */ = {isa = PBXBuildFile; fileRef = 185EDEEB1CC8D0E200BBDFCE /* UIScrollView+MJExtension.m */; };
		185EDF011CC8D0E200BBDFCE /* UIScrollView+MJRefresh.m in Sources */ = {isa = PBXBuildFile; fileRef = 185EDEED1CC8D0E200BBDFCE /* UIScrollView+MJRefresh.m */; };
		185EDF021CC8D0E200BBDFCE /* UIView+MJExtension.m in Sources */ = {isa = PBXBuildFile; fileRef = 185EDEEF1CC8D0E200BBDFCE /* UIView+MJExtension.m */; };
		185EDF191CC9C98800BBDFCE /* MJExtensionConst.m in Sources */ = {isa = PBXBuildFile; fileRef = 185EDF061CC9C98800BBDFCE /* MJExtensionConst.m */; };
		185EDF1A1CC9C98800BBDFCE /* MJFoundation.m in Sources */ = {isa = PBXBuildFile; fileRef = 185EDF081CC9C98800BBDFCE /* MJFoundation.m */; };
		185EDF1B1CC9C98800BBDFCE /* MJProperty.m in Sources */ = {isa = PBXBuildFile; fileRef = 185EDF0A1CC9C98800BBDFCE /* MJProperty.m */; };
		185EDF1C1CC9C98800BBDFCE /* MJPropertyKey.m in Sources */ = {isa = PBXBuildFile; fileRef = 185EDF0C1CC9C98800BBDFCE /* MJPropertyKey.m */; };
		185EDF1D1CC9C98800BBDFCE /* MJPropertyType.m in Sources */ = {isa = PBXBuildFile; fileRef = 185EDF0E1CC9C98800BBDFCE /* MJPropertyType.m */; };
		185EDF1E1CC9C98800BBDFCE /* NSObject+MJClass.m in Sources */ = {isa = PBXBuildFile; fileRef = 185EDF101CC9C98800BBDFCE /* NSObject+MJClass.m */; };
		185EDF1F1CC9C98800BBDFCE /* NSObject+MJCoding.m in Sources */ = {isa = PBXBuildFile; fileRef = 185EDF121CC9C98800BBDFCE /* NSObject+MJCoding.m */; };
		185EDF201CC9C98800BBDFCE /* NSObject+MJKeyValue.m in Sources */ = {isa = PBXBuildFile; fileRef = 185EDF141CC9C98800BBDFCE /* NSObject+MJKeyValue.m */; };
		185EDF211CC9C98800BBDFCE /* NSObject+MJProperty.m in Sources */ = {isa = PBXBuildFile; fileRef = 185EDF161CC9C98800BBDFCE /* NSObject+MJProperty.m */; };
		185EDF221CC9C98800BBDFCE /* NSString+MJExtension.m in Sources */ = {isa = PBXBuildFile; fileRef = 185EDF181CC9C98800BBDFCE /* NSString+MJExtension.m */; };
		185EDF251CC9CB8100BBDFCE /* YHStatus.m in Sources */ = {isa = PBXBuildFile; fileRef = 185EDF241CC9CB8100BBDFCE /* YHStatus.m */; };
		18B8B4811CC0DE4000C13E25 /* YYHBaseViewController.m in Sources */ = {isa = PBXBuildFile; fileRef = 18B8B47C1CC0DE4000C13E25 /* YYHBaseViewController.m */; };
		18B8B4A31CC0E84400C13E25 /* YYHHomeViewController.m in Sources */ = {isa = PBXBuildFile; fileRef = 18B8B4A21CC0E84400C13E25 /* YYHHomeViewController.m */; };
		18B8B4A61CC0E8F700C13E25 /* YYHMessageViewController.m in Sources */ = {isa = PBXBuildFile; fileRef = 18B8B4A51CC0E8F700C13E25 /* YYHMessageViewController.m */; };
		18B8B4A91CC0E90800C13E25 /* YYHProfileViewController.m in Sources */ = {isa = PBXBuildFile; fileRef = 18B8B4A81CC0E90800C13E25 /* YYHProfileViewController.m */; };
		18B8B4AC1CC0E91600C13E25 /* YYHDiscoverViewController.m in Sources */ = {isa = PBXBuildFile; fileRef = 18B8B4AB1CC0E91600C13E25 /* YYHDiscoverViewController.m */; };
		18B8B4D71CC3C8D500C13E25 /* YYHMainViewController.m in Sources */ = {isa = PBXBuildFile; fileRef = 18B8B4D31CC3C8D500C13E25 /* YYHMainViewController.m */; };
		18B8B4DB1CC4BBB300C13E25 /* YHCover.m in Sources */ = {isa = PBXBuildFile; fileRef = 18B8B4DA1CC4BBB300C13E25 /* YHCover.m */; };
		18B8B4E01CC5140F00C13E25 /* UIImage+Image.m in Sources */ = {isa = PBXBuildFile; fileRef = 18B8B4DF1CC5140F00C13E25 /* UIImage+Image.m */; };
		18B8B4E31CC5161800C13E25 /* YHPopMenu.m in Sources */ = {isa = PBXBuildFile; fileRef = 18B8B4E21CC5161800C13E25 /* YHPopMenu.m */; };
		18B8B4E61CC5175000C13E25 /* YHCenterTableViewController.m in Sources */ = {isa = PBXBuildFile; fileRef = 18B8B4E51CC5175000C13E25 /* YHCenterTableViewController.m */; };
/* End PBXBuildFile section */

/* Begin PBXContainerItemProxy section */
		185CF82C1CB65A32005E1EEC /* PBXContainerItemProxy */ = {
			isa = PBXContainerItemProxy;
			containerPortal = 185CF80A1CB65A32005E1EEC /* Project object */;
			proxyType = 1;
			remoteGlobalIDString = 185CF8111CB65A32005E1EEC;
			remoteInfo = "新浪微博";
		};
		185CF8371CB65A32005E1EEC /* PBXContainerItemProxy */ = {
			isa = PBXContainerItemProxy;
			containerPortal = 185CF80A1CB65A32005E1EEC /* Project object */;
			proxyType = 1;
			remoteGlobalIDString = 185CF8111CB65A32005E1EEC;
			remoteInfo = "新浪微博";
		};
/* End PBXContainerItemProxy section */

/* Begin PBXFileReference section */
		182B12331CC9ED5600FB9F55 /* YHUser.h */ = {isa = PBXFileReference; fileEncoding = 4; lastKnownFileType = sourcecode.c.h; path = YHUser.h; sourceTree = "<group>"; };
		182B12341CC9ED5600FB9F55 /* YHUser.m */ = {isa = PBXFileReference; fileEncoding = 4; lastKnownFileType = sourcecode.c.objc; path = YHUser.m; sourceTree = "<group>"; };
		182B12361CC9F74800FB9F55 /* YHPhoto.h */ = {isa = PBXFileReference; fileEncoding = 4; lastKnownFileType = sourcecode.c.h; path = YHPhoto.h; sourceTree = "<group>"; };
		182B12371CC9F74800FB9F55 /* YHPhoto.m */ = {isa = PBXFileReference; fileEncoding = 4; lastKnownFileType = sourcecode.c.objc; path = YHPhoto.m; sourceTree = "<group>"; };
		182B123A1CCA098400FB9F55 /* MKAnnotationView+WebCache.h */ = {isa = PBXFileReference; fileEncoding = 4; lastKnownFileType = sourcecode.c.h; path = "MKAnnotationView+WebCache.h"; sourceTree = "<group>"; };
		182B123B1CCA098400FB9F55 /* MKAnnotationView+WebCache.m */ = {isa = PBXFileReference; fileEncoding = 4; lastKnownFileType = sourcecode.c.objc; path = "MKAnnotationView+WebCache.m"; sourceTree = "<group>"; };
		182B123C1CCA098400FB9F55 /* NSData+ImageContentType.h */ = {isa = PBXFileReference; fileEncoding = 4; lastKnownFileType = sourcecode.c.h; path = "NSData+ImageContentType.h"; sourceTree = "<group>"; };
		182B123D1CCA098400FB9F55 /* NSData+ImageContentType.m */ = {isa = PBXFileReference; fileEncoding = 4; lastKnownFileType = sourcecode.c.objc; path = "NSData+ImageContentType.m"; sourceTree = "<group>"; };
		182B123E1CCA098400FB9F55 /* SDImageCache.h */ = {isa = PBXFileReference; fileEncoding = 4; lastKnownFileType = sourcecode.c.h; path = SDImageCache.h; sourceTree = "<group>"; };
		182B123F1CCA098400FB9F55 /* SDImageCache.m */ = {isa = PBXFileReference; fileEncoding = 4; lastKnownFileType = sourcecode.c.objc; path = SDImageCache.m; sourceTree = "<group>"; };
		182B12401CCA098400FB9F55 /* SDWebImageCompat.h */ = {isa = PBXFileReference; fileEncoding = 4; lastKnownFileType = sourcecode.c.h; path = SDWebImageCompat.h; sourceTree = "<group>"; };
		182B12411CCA098400FB9F55 /* SDWebImageCompat.m */ = {isa = PBXFileReference; fileEncoding = 4; lastKnownFileType = sourcecode.c.objc; path = SDWebImageCompat.m; sourceTree = "<group>"; };
		182B12421CCA098400FB9F55 /* SDWebImageDecoder.h */ = {isa = PBXFileReference; fileEncoding = 4; lastKnownFileType = sourcecode.c.h; path = SDWebImageDecoder.h; sourceTree = "<group>"; };
		182B12431CCA098400FB9F55 /* SDWebImageDecoder.m */ = {isa = PBXFileReference; fileEncoding = 4; lastKnownFileType = sourcecode.c.objc; path = SDWebImageDecoder.m; sourceTree = "<group>"; };
		182B12441CCA098400FB9F55 /* SDWebImageDownloader.h */ = {isa = PBXFileReference; fileEncoding = 4; lastKnownFileType = sourcecode.c.h; path = SDWebImageDownloader.h; sourceTree = "<group>"; };
		182B12451CCA098400FB9F55 /* SDWebImageDownloader.m */ = {isa = PBXFileReference; fileEncoding = 4; lastKnownFileType = sourcecode.c.objc; path = SDWebImageDownloader.m; sourceTree = "<group>"; };
		182B12461CCA098400FB9F55 /* SDWebImageDownloaderOperation.h */ = {isa = PBXFileReference; fileEncoding = 4; lastKnownFileType = sourcecode.c.h; path = SDWebImageDownloaderOperation.h; sourceTree = "<group>"; };
		182B12471CCA098400FB9F55 /* SDWebImageDownloaderOperation.m */ = {isa = PBXFileReference; fileEncoding = 4; lastKnownFileType = sourcecode.c.objc; path = SDWebImageDownloaderOperation.m; sourceTree = "<group>"; };
		182B12481CCA098400FB9F55 /* SDWebImageManager.h */ = {isa = PBXFileReference; fileEncoding = 4; lastKnownFileType = sourcecode.c.h; path = SDWebImageManager.h; sourceTree = "<group>"; };
		182B12491CCA098400FB9F55 /* SDWebImageManager.m */ = {isa = PBXFileReference; fileEncoding = 4; lastKnownFileType = sourcecode.c.objc; path = SDWebImageManager.m; sourceTree = "<group>"; };
		182B124A1CCA098400FB9F55 /* SDWebImageOperation.h */ = {isa = PBXFileReference; fileEncoding = 4; lastKnownFileType = sourcecode.c.h; path = SDWebImageOperation.h; sourceTree = "<group>"; };
		182B124B1CCA098400FB9F55 /* SDWebImagePrefetcher.h */ = {isa = PBXFileReference; fileEncoding = 4; lastKnownFileType = sourcecode.c.h; path = SDWebImagePrefetcher.h; sourceTree = "<group>"; };
		182B124C1CCA098400FB9F55 /* SDWebImagePrefetcher.m */ = {isa = PBXFileReference; fileEncoding = 4; lastKnownFileType = sourcecode.c.objc; path = SDWebImagePrefetcher.m; sourceTree = "<group>"; };
		182B124D1CCA098400FB9F55 /* UIButton+WebCache.h */ = {isa = PBXFileReference; fileEncoding = 4; lastKnownFileType = sourcecode.c.h; path = "UIButton+WebCache.h"; sourceTree = "<group>"; };
		182B124E1CCA098400FB9F55 /* UIButton+WebCache.m */ = {isa = PBXFileReference; fileEncoding = 4; lastKnownFileType = sourcecode.c.objc; path = "UIButton+WebCache.m"; sourceTree = "<group>"; };
		182B124F1CCA098400FB9F55 /* UIImage+GIF.h */ = {isa = PBXFileReference; fileEncoding = 4; lastKnownFileType = sourcecode.c.h; path = "UIImage+GIF.h"; sourceTree = "<group>"; };
		182B12501CCA098400FB9F55 /* UIImage+GIF.m */ = {isa = PBXFileReference; fileEncoding = 4; lastKnownFileType = sourcecode.c.objc; path = "UIImage+GIF.m"; sourceTree = "<group>"; };
		182B12511CCA098400FB9F55 /* UIImage+MultiFormat.h */ = {isa = PBXFileReference; fileEncoding = 4; lastKnownFileType = sourcecode.c.h; path = "UIImage+MultiFormat.h"; sourceTree = "<group>"; };
		182B12521CCA098400FB9F55 /* UIImage+MultiFormat.m */ = {isa = PBXFileReference; fileEncoding = 4; lastKnownFileType = sourcecode.c.objc; path = "UIImage+MultiFormat.m"; sourceTree = "<group>"; };
		182B12531CCA098400FB9F55 /* UIImage+WebP.h */ = {isa = PBXFileReference; fileEncoding = 4; lastKnownFileType = sourcecode.c.h; path = "UIImage+WebP.h"; sourceTree = "<group>"; };
		182B12541CCA098400FB9F55 /* UIImage+WebP.m */ = {isa = PBXFileReference; fileEncoding = 4; lastKnownFileType = sourcecode.c.objc; path = "UIImage+WebP.m"; sourceTree = "<group>"; };
		182B12551CCA098400FB9F55 /* UIImageView+HighlightedWebCache.h */ = {isa = PBXFileReference; fileEncoding = 4; lastKnownFileType = sourcecode.c.h; path = "UIImageView+HighlightedWebCache.h"; sourceTree = "<group>"; };
		182B12561CCA098400FB9F55 /* UIImageView+HighlightedWebCache.m */ = {isa = PBXFileReference; fileEncoding = 4; lastKnownFileType = sourcecode.c.objc; path = "UIImageView+HighlightedWebCache.m"; sourceTree = "<group>"; };
		182B12571CCA098400FB9F55 /* UIImageView+WebCache.h */ = {isa = PBXFileReference; fileEncoding = 4; lastKnownFileType = sourcecode.c.h; path = "UIImageView+WebCache.h"; sourceTree = "<group>"; };
		182B12581CCA098400FB9F55 /* UIImageView+WebCache.m */ = {isa = PBXFileReference; fileEncoding = 4; lastKnownFileType = sourcecode.c.objc; path = "UIImageView+WebCache.m"; sourceTree = "<group>"; };
		182B12591CCA098400FB9F55 /* UIView+WebCacheOperation.h */ = {isa = PBXFileReference; fileEncoding = 4; lastKnownFileType = sourcecode.c.h; path = "UIView+WebCacheOperation.h"; sourceTree = "<group>"; };
		182B125A1CCA098400FB9F55 /* UIView+WebCacheOperation.m */ = {isa = PBXFileReference; fileEncoding = 4; lastKnownFileType = sourcecode.c.objc; path = "UIView+WebCacheOperation.m"; sourceTree = "<group>"; };
		185CF8121CB65A32005E1EEC /* 新浪微博.app */ = {isa = PBXFileReference; explicitFileType = wrapper.application; includeInIndex = 0; path = "新浪微博.app"; sourceTree = BUILT_PRODUCTS_DIR; };
		185CF8161CB65A32005E1EEC /* main.m */ = {isa = PBXFileReference; lastKnownFileType = sourcecode.c.objc; path = main.m; sourceTree = "<group>"; };
		185CF8181CB65A32005E1EEC /* AppDelegate.h */ = {isa = PBXFileReference; lastKnownFileType = sourcecode.c.h; path = AppDelegate.h; sourceTree = "<group>"; };
		185CF8191CB65A32005E1EEC /* AppDelegate.m */ = {isa = PBXFileReference; lastKnownFileType = sourcecode.c.objc; path = AppDelegate.m; sourceTree = "<group>"; };
		185CF81B1CB65A32005E1EEC /* ViewController.h */ = {isa = PBXFileReference; lastKnownFileType = sourcecode.c.h; path = ViewController.h; sourceTree = "<group>"; };
		185CF81C1CB65A32005E1EEC /* ViewController.m */ = {isa = PBXFileReference; lastKnownFileType = sourcecode.c.objc; path = ViewController.m; sourceTree = "<group>"; };
		185CF8211CB65A32005E1EEC /* Assets.xcassets */ = {isa = PBXFileReference; lastKnownFileType = folder.assetcatalog; path = Assets.xcassets; sourceTree = "<group>"; };
		185CF8241CB65A32005E1EEC /* Base */ = {isa = PBXFileReference; lastKnownFileType = file.storyboard; name = Base; path = Base.lproj/LaunchScreen.storyboard; sourceTree = "<group>"; };
		185CF8261CB65A32005E1EEC /* Info.plist */ = {isa = PBXFileReference; lastKnownFileType = text.plist.xml; path = Info.plist; sourceTree = "<group>"; };
		185CF82B1CB65A32005E1EEC /* 新浪微博Tests.xctest */ = {isa = PBXFileReference; explicitFileType = wrapper.cfbundle; includeInIndex = 0; path = "新浪微博Tests.xctest"; sourceTree = BUILT_PRODUCTS_DIR; };
		185CF82F1CB65A32005E1EEC /* ____Tests.m */ = {isa = PBXFileReference; lastKnownFileType = sourcecode.c.objc; path = "____Tests.m"; sourceTree = "<group>"; };
		185CF8311CB65A32005E1EEC /* Info.plist */ = {isa = PBXFileReference; lastKnownFileType = text.plist.xml; path = Info.plist; sourceTree = "<group>"; };
		185CF8361CB65A32005E1EEC /* 新浪微博UITests.xctest */ = {isa = PBXFileReference; explicitFileType = wrapper.cfbundle; includeInIndex = 0; path = "新浪微博UITests.xctest"; sourceTree = BUILT_PRODUCTS_DIR; };
		185CF83A1CB65A32005E1EEC /* ____UITests.m */ = {isa = PBXFileReference; lastKnownFileType = sourcecode.c.objc; path = "____UITests.m"; sourceTree = "<group>"; };
		185CF83C1CB65A32005E1EEC /* Info.plist */ = {isa = PBXFileReference; lastKnownFileType = text.plist.xml; path = Info.plist; sourceTree = "<group>"; };
		185CF8481CB74171005E1EEC /* YYHTabBar.h */ = {isa = PBXFileReference; fileEncoding = 4; lastKnownFileType = sourcecode.c.h; name = YYHTabBar.h; path = ../../YYHTabBar.h; sourceTree = "<group>"; };
		185CF8491CB74171005E1EEC /* YYHTabBar.m */ = {isa = PBXFileReference; fileEncoding = 4; lastKnownFileType = sourcecode.c.objc; name = YYHTabBar.m; path = ../../YYHTabBar.m; sourceTree = "<group>"; };
		185CF84D1CB74C1E005E1EEC /* UIKit.framework */ = {isa = PBXFileReference; lastKnownFileType = wrapper.framework; name = UIKit.framework; path = System/Library/Frameworks/UIKit.framework; sourceTree = SDKROOT; };
		185CF84F1CB751D7005E1EEC /* YYHUtill.h */ = {isa = PBXFileReference; fileEncoding = 4; lastKnownFileType = sourcecode.c.h; name = YYHUtill.h; path = ../YYHUtill.h; sourceTree = "<group>"; };
		185CF8501CB751D7005E1EEC /* YYHUtill.m */ = {isa = PBXFileReference; fileEncoding = 4; lastKnownFileType = sourcecode.c.objc; name = YYHUtill.m; path = ../YYHUtill.m; sourceTree = "<group>"; };
		185EDE881CC5F97900BBDFCE /* YHSearchBar.h */ = {isa = PBXFileReference; fileEncoding = 4; lastKnownFileType = sourcecode.c.h; path = YHSearchBar.h; sourceTree = "<group>"; };
		185EDE891CC5F97900BBDFCE /* YHSearchBar.m */ = {isa = PBXFileReference; fileEncoding = 4; lastKnownFileType = sourcecode.c.objc; path = YHSearchBar.m; sourceTree = "<group>"; };
		185EDE901CC60C3B00BBDFCE /* YHNewFeatureController.h */ = {isa = PBXFileReference; fileEncoding = 4; lastKnownFileType = sourcecode.c.h; path = YHNewFeatureController.h; sourceTree = "<group>"; };
		185EDE911CC60C3B00BBDFCE /* YHNewFeatureController.m */ = {isa = PBXFileReference; fileEncoding = 4; lastKnownFileType = sourcecode.c.objc; path = YHNewFeatureController.m; sourceTree = "<group>"; };
		185EDE931CC611EC00BBDFCE /* YHNewFeatureCell.h */ = {isa = PBXFileReference; fileEncoding = 4; lastKnownFileType = sourcecode.c.h; path = YHNewFeatureCell.h; sourceTree = "<group>"; };
		185EDE941CC611EC00BBDFCE /* YHNewFeatureCell.m */ = {isa = PBXFileReference; fileEncoding = 4; lastKnownFileType = sourcecode.c.objc; path = YHNewFeatureCell.m; sourceTree = "<group>"; };
		185EDE9B1CC7A05D00BBDFCE /* YHOAuthViewController.h */ = {isa = PBXFileReference; fileEncoding = 4; lastKnownFileType = sourcecode.c.h; path = YHOAuthViewController.h; sourceTree = "<group>"; };
		185EDE9C1CC7A05D00BBDFCE /* YHOAuthViewController.m */ = {isa = PBXFileReference; fileEncoding = 4; lastKnownFileType = sourcecode.c.objc; path = YHOAuthViewController.m; sourceTree = "<group>"; };
		185EDEA01CC89ACB00BBDFCE /* MBProgressHUD.h */ = {isa = PBXFileReference; fileEncoding = 4; lastKnownFileType = sourcecode.c.h; path = MBProgressHUD.h; sourceTree = "<group>"; };
		185EDEA11CC89ACB00BBDFCE /* MBProgressHUD.m */ = {isa = PBXFileReference; fileEncoding = 4; lastKnownFileType = sourcecode.c.objc; path = MBProgressHUD.m; sourceTree = "<group>"; };
		185EDEA41CC8A77F00BBDFCE /* AFHTTPSessionManager.h */ = {isa = PBXFileReference; fileEncoding = 4; lastKnownFileType = sourcecode.c.h; path = AFHTTPSessionManager.h; sourceTree = "<group>"; };
		185EDEA51CC8A77F00BBDFCE /* AFHTTPSessionManager.m */ = {isa = PBXFileReference; fileEncoding = 4; lastKnownFileType = sourcecode.c.objc; path = AFHTTPSessionManager.m; sourceTree = "<group>"; };
		185EDEA61CC8A77F00BBDFCE /* AFNetworking.h */ = {isa = PBXFileReference; fileEncoding = 4; lastKnownFileType = sourcecode.c.h; path = AFNetworking.h; sourceTree = "<group>"; };
		185EDEA71CC8A77F00BBDFCE /* AFNetworkReachabilityManager.h */ = {isa = PBXFileReference; fileEncoding = 4; lastKnownFileType = sourcecode.c.h; path = AFNetworkReachabilityManager.h; sourceTree = "<group>"; };
		185EDEA81CC8A77F00BBDFCE /* AFNetworkReachabilityManager.m */ = {isa = PBXFileReference; fileEncoding = 4; lastKnownFileType = sourcecode.c.objc; path = AFNetworkReachabilityManager.m; sourceTree = "<group>"; };
		185EDEA91CC8A77F00BBDFCE /* AFSecurityPolicy.h */ = {isa = PBXFileReference; fileEncoding = 4; lastKnownFileType = sourcecode.c.h; path = AFSecurityPolicy.h; sourceTree = "<group>"; };
		185EDEAA1CC8A77F00BBDFCE /* AFSecurityPolicy.m */ = {isa = PBXFileReference; fileEncoding = 4; lastKnownFileType = sourcecode.c.objc; path = AFSecurityPolicy.m; sourceTree = "<group>"; };
		185EDEAB1CC8A77F00BBDFCE /* AFURLRequestSerialization.h */ = {isa = PBXFileReference; fileEncoding = 4; lastKnownFileType = sourcecode.c.h; path = AFURLRequestSerialization.h; sourceTree = "<group>"; };
		185EDEAC1CC8A77F00BBDFCE /* AFURLRequestSerialization.m */ = {isa = PBXFileReference; fileEncoding = 4; lastKnownFileType = sourcecode.c.objc; path = AFURLRequestSerialization.m; sourceTree = "<group>"; };
		185EDEAD1CC8A77F00BBDFCE /* AFURLResponseSerialization.h */ = {isa = PBXFileReference; fileEncoding = 4; lastKnownFileType = sourcecode.c.h; path = AFURLResponseSerialization.h; sourceTree = "<group>"; };
		185EDEAE1CC8A77F00BBDFCE /* AFURLResponseSerialization.m */ = {isa = PBXFileReference; fileEncoding = 4; lastKnownFileType = sourcecode.c.objc; path = AFURLResponseSerialization.m; sourceTree = "<group>"; };
		185EDEAF1CC8A77F00BBDFCE /* AFURLSessionManager.h */ = {isa = PBXFileReference; fileEncoding = 4; lastKnownFileType = sourcecode.c.h; path = AFURLSessionManager.h; sourceTree = "<group>"; };
		185EDEB01CC8A77F00BBDFCE /* AFURLSessionManager.m */ = {isa = PBXFileReference; fileEncoding = 4; lastKnownFileType = sourcecode.c.objc; path = AFURLSessionManager.m; sourceTree = "<group>"; };
		185EDEB71CC8B22500BBDFCE /* YHAccount.h */ = {isa = PBXFileReference; fileEncoding = 4; lastKnownFileType = sourcecode.c.h; path = YHAccount.h; sourceTree = "<group>"; };
		185EDEB81CC8B22500BBDFCE /* YHAccount.m */ = {isa = PBXFileReference; fileEncoding = 4; lastKnownFileType = sourcecode.c.objc; path = YHAccount.m; sourceTree = "<group>"; };
		185EDEBC1CC8B71700BBDFCE /* YHAccountTool.h */ = {isa = PBXFileReference; fileEncoding = 4; lastKnownFileType = sourcecode.c.h; path = YHAccountTool.h; sourceTree = "<group>"; };
		185EDEBD1CC8B71700BBDFCE /* YHAccountTool.m */ = {isa = PBXFileReference; fileEncoding = 4; lastKnownFileType = sourcecode.c.objc; path = YHAccountTool.m; sourceTree = "<group>"; };
		185EDEC01CC8C0C200BBDFCE /* YHRootTool.h */ = {isa = PBXFileReference; fileEncoding = 4; lastKnownFileType = sourcecode.c.h; path = YHRootTool.h; sourceTree = "<group>"; };
		185EDEC11CC8C0C200BBDFCE /* YHRootTool.m */ = {isa = PBXFileReference; fileEncoding = 4; lastKnownFileType = sourcecode.c.objc; path = YHRootTool.m; sourceTree = "<group>"; };
		185EDEC51CC8D0E200BBDFCE /* MJRefreshAutoFooter.h */ = {isa = PBXFileReference; fileEncoding = 4; lastKnownFileType = sourcecode.c.h; path = MJRefreshAutoFooter.h; sourceTree = "<group>"; };
		185EDEC61CC8D0E200BBDFCE /* MJRefreshAutoFooter.m */ = {isa = PBXFileReference; fileEncoding = 4; lastKnownFileType = sourcecode.c.objc; path = MJRefreshAutoFooter.m; sourceTree = "<group>"; };
		185EDEC71CC8D0E200BBDFCE /* MJRefreshBackFooter.h */ = {isa = PBXFileReference; fileEncoding = 4; lastKnownFileType = sourcecode.c.h; path = MJRefreshBackFooter.h; sourceTree = "<group>"; };
		185EDEC81CC8D0E200BBDFCE /* MJRefreshBackFooter.m */ = {isa = PBXFileReference; fileEncoding = 4; lastKnownFileType = sourcecode.c.objc; path = MJRefreshBackFooter.m; sourceTree = "<group>"; };
		185EDEC91CC8D0E200BBDFCE /* MJRefreshComponent.h */ = {isa = PBXFileReference; fileEncoding = 4; lastKnownFileType = sourcecode.c.h; path = MJRefreshComponent.h; sourceTree = "<group>"; };
		185EDECA1CC8D0E200BBDFCE /* MJRefreshComponent.m */ = {isa = PBXFileReference; fileEncoding = 4; lastKnownFileType = sourcecode.c.objc; path = MJRefreshComponent.m; sourceTree = "<group>"; };
		185EDECB1CC8D0E200BBDFCE /* MJRefreshFooter.h */ = {isa = PBXFileReference; fileEncoding = 4; lastKnownFileType = sourcecode.c.h; path = MJRefreshFooter.h; sourceTree = "<group>"; };
		185EDECC1CC8D0E200BBDFCE /* MJRefreshFooter.m */ = {isa = PBXFileReference; fileEncoding = 4; lastKnownFileType = sourcecode.c.objc; path = MJRefreshFooter.m; sourceTree = "<group>"; };
		185EDECD1CC8D0E200BBDFCE /* MJRefreshHeader.h */ = {isa = PBXFileReference; fileEncoding = 4; lastKnownFileType = sourcecode.c.h; path = MJRefreshHeader.h; sourceTree = "<group>"; };
		185EDECE1CC8D0E200BBDFCE /* MJRefreshHeader.m */ = {isa = PBXFileReference; fileEncoding = 4; lastKnownFileType = sourcecode.c.objc; path = MJRefreshHeader.m; sourceTree = "<group>"; };
		185EDED21CC8D0E200BBDFCE /* MJRefreshAutoGifFooter.h */ = {isa = PBXFileReference; fileEncoding = 4; lastKnownFileType = sourcecode.c.h; path = MJRefreshAutoGifFooter.h; sourceTree = "<group>"; };
		185EDED31CC8D0E200BBDFCE /* MJRefreshAutoGifFooter.m */ = {isa = PBXFileReference; fileEncoding = 4; lastKnownFileType = sourcecode.c.objc; path = MJRefreshAutoGifFooter.m; sourceTree = "<group>"; };
		185EDED41CC8D0E200BBDFCE /* MJRefreshAutoNormalFooter.h */ = {isa = PBXFileReference; fileEncoding = 4; lastKnownFileType = sourcecode.c.h; path = MJRefreshAutoNormalFooter.h; sourceTree = "<group>"; };
		185EDED51CC8D0E200BBDFCE /* MJRefreshAutoNormalFooter.m */ = {isa = PBXFileReference; fileEncoding = 4; lastKnownFileType = sourcecode.c.objc; path = MJRefreshAutoNormalFooter.m; sourceTree = "<group>"; };
		185EDED61CC8D0E200BBDFCE /* MJRefreshAutoStateFooter.h */ = {isa = PBXFileReference; fileEncoding = 4; lastKnownFileType = sourcecode.c.h; path = MJRefreshAutoStateFooter.h; sourceTree = "<group>"; };
		185EDED71CC8D0E200BBDFCE /* MJRefreshAutoStateFooter.m */ = {isa = PBXFileReference; fileEncoding = 4; lastKnownFileType = sourcecode.c.objc; path = MJRefreshAutoStateFooter.m; sourceTree = "<group>"; };
		185EDED91CC8D0E200BBDFCE /* MJRefreshBackGifFooter.h */ = {isa = PBXFileReference; fileEncoding = 4; lastKnownFileType = sourcecode.c.h; path = MJRefreshBackGifFooter.h; sourceTree = "<group>"; };
		185EDEDA1CC8D0E200BBDFCE /* MJRefreshBackGifFooter.m */ = {isa = PBXFileReference; fileEncoding = 4; lastKnownFileType = sourcecode.c.objc; path = MJRefreshBackGifFooter.m; sourceTree = "<group>"; };
		185EDEDB1CC8D0E200BBDFCE /* MJRefreshBackNormalFooter.h */ = {isa = PBXFileReference; fileEncoding = 4; lastKnownFileType = sourcecode.c.h; path = MJRefreshBackNormalFooter.h; sourceTree = "<group>"; };
		185EDEDC1CC8D0E200BBDFCE /* MJRefreshBackNormalFooter.m */ = {isa = PBXFileReference; fileEncoding = 4; lastKnownFileType = sourcecode.c.objc; path = MJRefreshBackNormalFooter.m; sourceTree = "<group>"; };
		185EDEDD1CC8D0E200BBDFCE /* MJRefreshBackStateFooter.h */ = {isa = PBXFileReference; fileEncoding = 4; lastKnownFileType = sourcecode.c.h; path = MJRefreshBackStateFooter.h; sourceTree = "<group>"; };
		185EDEDE1CC8D0E200BBDFCE /* MJRefreshBackStateFooter.m */ = {isa = PBXFileReference; fileEncoding = 4; lastKnownFileType = sourcecode.c.objc; path = MJRefreshBackStateFooter.m; sourceTree = "<group>"; };
		185EDEE01CC8D0E200BBDFCE /* MJRefreshGifHeader.h */ = {isa = PBXFileReference; fileEncoding = 4; lastKnownFileType = sourcecode.c.h; path = MJRefreshGifHeader.h; sourceTree = "<group>"; };
		185EDEE11CC8D0E200BBDFCE /* MJRefreshGifHeader.m */ = {isa = PBXFileReference; fileEncoding = 4; lastKnownFileType = sourcecode.c.objc; path = MJRefreshGifHeader.m; sourceTree = "<group>"; };
		185EDEE21CC8D0E200BBDFCE /* MJRefreshNormalHeader.h */ = {isa = PBXFileReference; fileEncoding = 4; lastKnownFileType = sourcecode.c.h; path = MJRefreshNormalHeader.h; sourceTree = "<group>"; };
		185EDEE31CC8D0E200BBDFCE /* MJRefreshNormalHeader.m */ = {isa = PBXFileReference; fileEncoding = 4; lastKnownFileType = sourcecode.c.objc; path = MJRefreshNormalHeader.m; sourceTree = "<group>"; };
		185EDEE41CC8D0E200BBDFCE /* MJRefreshStateHeader.h */ = {isa = PBXFileReference; fileEncoding = 4; lastKnownFileType = sourcecode.c.h; path = MJRefreshStateHeader.h; sourceTree = "<group>"; };
		185EDEE51CC8D0E200BBDFCE /* MJRefreshStateHeader.m */ = {isa = PBXFileReference; fileEncoding = 4; lastKnownFileType = sourcecode.c.objc; path = MJRefreshStateHeader.m; sourceTree = "<group>"; };
		185EDEE61CC8D0E200BBDFCE /* MJRefresh.bundle */ = {isa = PBXFileReference; lastKnownFileType = "wrapper.plug-in"; path = MJRefresh.bundle; sourceTree = "<group>"; };
		185EDEE71CC8D0E200BBDFCE /* MJRefresh.h */ = {isa = PBXFileReference; fileEncoding = 4; lastKnownFileType = sourcecode.c.h; path = MJRefresh.h; sourceTree = "<group>"; };
		185EDEE81CC8D0E200BBDFCE /* MJRefreshConst.h */ = {isa = PBXFileReference; fileEncoding = 4; lastKnownFileType = sourcecode.c.h; path = MJRefreshConst.h; sourceTree = "<group>"; };
		185EDEE91CC8D0E200BBDFCE /* MJRefreshConst.m */ = {isa = PBXFileReference; fileEncoding = 4; lastKnownFileType = sourcecode.c.objc; path = MJRefreshConst.m; sourceTree = "<group>"; };
		185EDEEA1CC8D0E200BBDFCE /* UIScrollView+MJExtension.h */ = {isa = PBXFileReference; fileEncoding = 4; lastKnownFileType = sourcecode.c.h; path = "UIScrollView+MJExtension.h"; sourceTree = "<group>"; };
		185EDEEB1CC8D0E200BBDFCE /* UIScrollView+MJExtension.m */ = {isa = PBXFileReference; fileEncoding = 4; lastKnownFileType = sourcecode.c.objc; path = "UIScrollView+MJExtension.m"; sourceTree = "<group>"; };
		185EDEEC1CC8D0E200BBDFCE /* UIScrollView+MJRefresh.h */ = {isa = PBXFileReference; fileEncoding = 4; lastKnownFileType = sourcecode.c.h; path = "UIScrollView+MJRefresh.h"; sourceTree = "<group>"; };
		185EDEED1CC8D0E200BBDFCE /* UIScrollView+MJRefresh.m */ = {isa = PBXFileReference; fileEncoding = 4; lastKnownFileType = sourcecode.c.objc; path = "UIScrollView+MJRefresh.m"; sourceTree = "<group>"; };
		185EDEEE1CC8D0E200BBDFCE /* UIView+MJExtension.h */ = {isa = PBXFileReference; fileEncoding = 4; lastKnownFileType = sourcecode.c.h; path = "UIView+MJExtension.h"; sourceTree = "<group>"; };
		185EDEEF1CC8D0E200BBDFCE /* UIView+MJExtension.m */ = {isa = PBXFileReference; fileEncoding = 4; lastKnownFileType = sourcecode.c.objc; path = "UIView+MJExtension.m"; sourceTree = "<group>"; };
		185EDF041CC9C98800BBDFCE /* MJExtension.h */ = {isa = PBXFileReference; fileEncoding = 4; lastKnownFileType = sourcecode.c.h; path = MJExtension.h; sourceTree = "<group>"; };
		185EDF051CC9C98800BBDFCE /* MJExtensionConst.h */ = {isa = PBXFileReference; fileEncoding = 4; lastKnownFileType = sourcecode.c.h; path = MJExtensionConst.h; sourceTree = "<group>"; };
		185EDF061CC9C98800BBDFCE /* MJExtensionConst.m */ = {isa = PBXFileReference; fileEncoding = 4; lastKnownFileType = sourcecode.c.objc; path = MJExtensionConst.m; sourceTree = "<group>"; };
		185EDF071CC9C98800BBDFCE /* MJFoundation.h */ = {isa = PBXFileReference; fileEncoding = 4; lastKnownFileType = sourcecode.c.h; path = MJFoundation.h; sourceTree = "<group>"; };
		185EDF081CC9C98800BBDFCE /* MJFoundation.m */ = {isa = PBXFileReference; fileEncoding = 4; lastKnownFileType = sourcecode.c.objc; path = MJFoundation.m; sourceTree = "<group>"; };
		185EDF091CC9C98800BBDFCE /* MJProperty.h */ = {isa = PBXFileReference; fileEncoding = 4; lastKnownFileType = sourcecode.c.h; path = MJProperty.h; sourceTree = "<group>"; };
		185EDF0A1CC9C98800BBDFCE /* MJProperty.m */ = {isa = PBXFileReference; fileEncoding = 4; lastKnownFileType = sourcecode.c.objc; path = MJProperty.m; sourceTree = "<group>"; };
		185EDF0B1CC9C98800BBDFCE /* MJPropertyKey.h */ = {isa = PBXFileReference; fileEncoding = 4; lastKnownFileType = sourcecode.c.h; path = MJPropertyKey.h; sourceTree = "<group>"; };
		185EDF0C1CC9C98800BBDFCE /* MJPropertyKey.m */ = {isa = PBXFileReference; fileEncoding = 4; lastKnownFileType = sourcecode.c.objc; path = MJPropertyKey.m; sourceTree = "<group>"; };
		185EDF0D1CC9C98800BBDFCE /* MJPropertyType.h */ = {isa = PBXFileReference; fileEncoding = 4; lastKnownFileType = sourcecode.c.h; path = MJPropertyType.h; sourceTree = "<group>"; };
		185EDF0E1CC9C98800BBDFCE /* MJPropertyType.m */ = {isa = PBXFileReference; fileEncoding = 4; lastKnownFileType = sourcecode.c.objc; path = MJPropertyType.m; sourceTree = "<group>"; };
		185EDF0F1CC9C98800BBDFCE /* NSObject+MJClass.h */ = {isa = PBXFileReference; fileEncoding = 4; lastKnownFileType = sourcecode.c.h; path = "NSObject+MJClass.h"; sourceTree = "<group>"; };
		185EDF101CC9C98800BBDFCE /* NSObject+MJClass.m */ = {isa = PBXFileReference; fileEncoding = 4; lastKnownFileType = sourcecode.c.objc; path = "NSObject+MJClass.m"; sourceTree = "<group>"; };
		185EDF111CC9C98800BBDFCE /* NSObject+MJCoding.h */ = {isa = PBXFileReference; fileEncoding = 4; lastKnownFileType = sourcecode.c.h; path = "NSObject+MJCoding.h"; sourceTree = "<group>"; };
		185EDF121CC9C98800BBDFCE /* NSObject+MJCoding.m */ = {isa = PBXFileReference; fileEncoding = 4; lastKnownFileType = sourcecode.c.objc; path = "NSObject+MJCoding.m"; sourceTree = "<group>"; };
		185EDF131CC9C98800BBDFCE /* NSObject+MJKeyValue.h */ = {isa = PBXFileReference; fileEncoding = 4; lastKnownFileType = sourcecode.c.h; path = "NSObject+MJKeyValue.h"; sourceTree = "<group>"; };
		185EDF141CC9C98800BBDFCE /* NSObject+MJKeyValue.m */ = {isa = PBXFileReference; fileEncoding = 4; lastKnownFileType = sourcecode.c.objc; path = "NSObject+MJKeyValue.m"; sourceTree = "<group>"; };
		185EDF151CC9C98800BBDFCE /* NSObject+MJProperty.h */ = {isa = PBXFileReference; fileEncoding = 4; lastKnownFileType = sourcecode.c.h; path = "NSObject+MJProperty.h"; sourceTree = "<group>"; };
		185EDF161CC9C98800BBDFCE /* NSObject+MJProperty.m */ = {isa = PBXFileReference; fileEncoding = 4; lastKnownFileType = sourcecode.c.objc; path = "NSObject+MJProperty.m"; sourceTree = "<group>"; };
		185EDF171CC9C98800BBDFCE /* NSString+MJExtension.h */ = {isa = PBXFileReference; fileEncoding = 4; lastKnownFileType = sourcecode.c.h; path = "NSString+MJExtension.h"; sourceTree = "<group>"; };
		185EDF181CC9C98800BBDFCE /* NSString+MJExtension.m */ = {isa = PBXFileReference; fileEncoding = 4; lastKnownFileType = sourcecode.c.objc; path = "NSString+MJExtension.m"; sourceTree = "<group>"; };
		185EDF231CC9CB8100BBDFCE /* YHStatus.h */ = {isa = PBXFileReference; fileEncoding = 4; lastKnownFileType = sourcecode.c.h; path = YHStatus.h; sourceTree = "<group>"; };
		185EDF241CC9CB8100BBDFCE /* YHStatus.m */ = {isa = PBXFileReference; fileEncoding = 4; lastKnownFileType = sourcecode.c.objc; path = YHStatus.m; sourceTree = "<group>"; };
		18B8B47B1CC0DE4000C13E25 /* YYHBaseViewController.h */ = {isa = PBXFileReference; fileEncoding = 4; lastKnownFileType = sourcecode.c.h; path = YYHBaseViewController.h; sourceTree = "<group>"; };
		18B8B47C1CC0DE4000C13E25 /* YYHBaseViewController.m */ = {isa = PBXFileReference; fileEncoding = 4; lastKnownFileType = sourcecode.c.objc; path = YYHBaseViewController.m; sourceTree = "<group>"; };
		18B8B47D1CC0DE4000C13E25 /* Macro.h */ = {isa = PBXFileReference; fileEncoding = 4; lastKnownFileType = sourcecode.c.h; path = Macro.h; sourceTree = "<group>"; };
		18B8B4A11CC0E84400C13E25 /* YYHHomeViewController.h */ = {isa = PBXFileReference; fileEncoding = 4; lastKnownFileType = sourcecode.c.h; path = YYHHomeViewController.h; sourceTree = "<group>"; };
		18B8B4A21CC0E84400C13E25 /* YYHHomeViewController.m */ = {isa = PBXFileReference; fileEncoding = 4; lastKnownFileType = sourcecode.c.objc; path = YYHHomeViewController.m; sourceTree = "<group>"; };
		18B8B4A41CC0E8F700C13E25 /* YYHMessageViewController.h */ = {isa = PBXFileReference; fileEncoding = 4; lastKnownFileType = sourcecode.c.h; path = YYHMessageViewController.h; sourceTree = "<group>"; };
		18B8B4A51CC0E8F700C13E25 /* YYHMessageViewController.m */ = {isa = PBXFileReference; fileEncoding = 4; lastKnownFileType = sourcecode.c.objc; path = YYHMessageViewController.m; sourceTree = "<group>"; };
		18B8B4A71CC0E90800C13E25 /* YYHProfileViewController.h */ = {isa = PBXFileReference; fileEncoding = 4; lastKnownFileType = sourcecode.c.h; path = YYHProfileViewController.h; sourceTree = "<group>"; };
		18B8B4A81CC0E90800C13E25 /* YYHProfileViewController.m */ = {isa = PBXFileReference; fileEncoding = 4; lastKnownFileType = sourcecode.c.objc; path = YYHProfileViewController.m; sourceTree = "<group>"; };
		18B8B4AA1CC0E91600C13E25 /* YYHDiscoverViewController.h */ = {isa = PBXFileReference; fileEncoding = 4; lastKnownFileType = sourcecode.c.h; path = YYHDiscoverViewController.h; sourceTree = "<group>"; };
		18B8B4AB1CC0E91600C13E25 /* YYHDiscoverViewController.m */ = {isa = PBXFileReference; fileEncoding = 4; lastKnownFileType = sourcecode.c.objc; path = YYHDiscoverViewController.m; sourceTree = "<group>"; };
		18B8B4D21CC3C8D500C13E25 /* YYHMainViewController.h */ = {isa = PBXFileReference; fileEncoding = 4; lastKnownFileType = sourcecode.c.h; path = YYHMainViewController.h; sourceTree = "<group>"; };
		18B8B4D31CC3C8D500C13E25 /* YYHMainViewController.m */ = {isa = PBXFileReference; fileEncoding = 4; lastKnownFileType = sourcecode.c.objc; path = YYHMainViewController.m; sourceTree = "<group>"; };
		18B8B4D81CC482A100C13E25 /* 新浪微博.pch */ = {isa = PBXFileReference; lastKnownFileType = sourcecode.c.h; path = "新浪微博.pch"; sourceTree = "<group>"; };
		18B8B4D91CC4BBB300C13E25 /* YHCover.h */ = {isa = PBXFileReference; fileEncoding = 4; lastKnownFileType = sourcecode.c.h; path = YHCover.h; sourceTree = "<group>"; };
		18B8B4DA1CC4BBB300C13E25 /* YHCover.m */ = {isa = PBXFileReference; fileEncoding = 4; lastKnownFileType = sourcecode.c.objc; path = YHCover.m; sourceTree = "<group>"; };
		18B8B4DE1CC5140F00C13E25 /* UIImage+Image.h */ = {isa = PBXFileReference; fileEncoding = 4; lastKnownFileType = sourcecode.c.h; path = "UIImage+Image.h"; sourceTree = "<group>"; };
		18B8B4DF1CC5140F00C13E25 /* UIImage+Image.m */ = {isa = PBXFileReference; fileEncoding = 4; lastKnownFileType = sourcecode.c.objc; path = "UIImage+Image.m"; sourceTree = "<group>"; };
		18B8B4E11CC5161800C13E25 /* YHPopMenu.h */ = {isa = PBXFileReference; fileEncoding = 4; lastKnownFileType = sourcecode.c.h; path = YHPopMenu.h; sourceTree = "<group>"; };
		18B8B4E21CC5161800C13E25 /* YHPopMenu.m */ = {isa = PBXFileReference; fileEncoding = 4; lastKnownFileType = sourcecode.c.objc; path = YHPopMenu.m; sourceTree = "<group>"; };
		18B8B4E41CC5175000C13E25 /* YHCenterTableViewController.h */ = {isa = PBXFileReference; fileEncoding = 4; lastKnownFileType = sourcecode.c.h; path = YHCenterTableViewController.h; sourceTree = "<group>"; };
		18B8B4E51CC5175000C13E25 /* YHCenterTableViewController.m */ = {isa = PBXFileReference; fileEncoding = 4; lastKnownFileType = sourcecode.c.objc; path = YHCenterTableViewController.m; sourceTree = "<group>"; };
/* End PBXFileReference section */

/* Begin PBXFrameworksBuildPhase section */
		185CF80F1CB65A32005E1EEC /* Frameworks */ = {
			isa = PBXFrameworksBuildPhase;
			buildActionMask = 2147483647;
			files = (
				185CF84E1CB74C1E005E1EEC /* UIKit.framework in Frameworks */,
			);
			runOnlyForDeploymentPostprocessing = 0;
		};
		185CF8281CB65A32005E1EEC /* Frameworks */ = {
			isa = PBXFrameworksBuildPhase;
			buildActionMask = 2147483647;
			files = (
			);
			runOnlyForDeploymentPostprocessing = 0;
		};
		185CF8331CB65A32005E1EEC /* Frameworks */ = {
			isa = PBXFrameworksBuildPhase;
			buildActionMask = 2147483647;
			files = (
			);
			runOnlyForDeploymentPostprocessing = 0;
		};
/* End PBXFrameworksBuildPhase section */

/* Begin PBXGroup section */
		182B12391CCA098400FB9F55 /* SDWebImage */ = {
			isa = PBXGroup;
			children = (
				182B123A1CCA098400FB9F55 /* MKAnnotationView+WebCache.h */,
				182B123B1CCA098400FB9F55 /* MKAnnotationView+WebCache.m */,
				182B123C1CCA098400FB9F55 /* NSData+ImageContentType.h */,
				182B123D1CCA098400FB9F55 /* NSData+ImageContentType.m */,
				182B123E1CCA098400FB9F55 /* SDImageCache.h */,
				182B123F1CCA098400FB9F55 /* SDImageCache.m */,
				182B12401CCA098400FB9F55 /* SDWebImageCompat.h */,
				182B12411CCA098400FB9F55 /* SDWebImageCompat.m */,
				182B12421CCA098400FB9F55 /* SDWebImageDecoder.h */,
				182B12431CCA098400FB9F55 /* SDWebImageDecoder.m */,
				182B12441CCA098400FB9F55 /* SDWebImageDownloader.h */,
				182B12451CCA098400FB9F55 /* SDWebImageDownloader.m */,
				182B12461CCA098400FB9F55 /* SDWebImageDownloaderOperation.h */,
				182B12471CCA098400FB9F55 /* SDWebImageDownloaderOperation.m */,
				182B12481CCA098400FB9F55 /* SDWebImageManager.h */,
				182B12491CCA098400FB9F55 /* SDWebImageManager.m */,
				182B124A1CCA098400FB9F55 /* SDWebImageOperation.h */,
				182B124B1CCA098400FB9F55 /* SDWebImagePrefetcher.h */,
				182B124C1CCA098400FB9F55 /* SDWebImagePrefetcher.m */,
				182B124D1CCA098400FB9F55 /* UIButton+WebCache.h */,
				182B124E1CCA098400FB9F55 /* UIButton+WebCache.m */,
				182B124F1CCA098400FB9F55 /* UIImage+GIF.h */,
				182B12501CCA098400FB9F55 /* UIImage+GIF.m */,
				182B12511CCA098400FB9F55 /* UIImage+MultiFormat.h */,
				182B12521CCA098400FB9F55 /* UIImage+MultiFormat.m */,
				182B12531CCA098400FB9F55 /* UIImage+WebP.h */,
				182B12541CCA098400FB9F55 /* UIImage+WebP.m */,
				182B12551CCA098400FB9F55 /* UIImageView+HighlightedWebCache.h */,
				182B12561CCA098400FB9F55 /* UIImageView+HighlightedWebCache.m */,
				182B12571CCA098400FB9F55 /* UIImageView+WebCache.h */,
				182B12581CCA098400FB9F55 /* UIImageView+WebCache.m */,
				182B12591CCA098400FB9F55 /* UIView+WebCacheOperation.h */,
				182B125A1CCA098400FB9F55 /* UIView+WebCacheOperation.m */,
			);
			name = SDWebImage;
			path = "../../../../Downloads/SDWebImage-master/SDWebImage";
			sourceTree = "<group>";
		};
		185CF8091CB65A32005E1EEC = {
			isa = PBXGroup;
			children = (
				185CF84D1CB74C1E005E1EEC /* UIKit.framework */,
				185CF8141CB65A32005E1EEC /* 新浪微博 */,
				185CF82E1CB65A32005E1EEC /* 新浪微博Tests */,
				185CF8391CB65A32005E1EEC /* 新浪微博UITests */,
				185CF8131CB65A32005E1EEC /* Products */,
			);
			sourceTree = "<group>";
		};
		185CF8131CB65A32005E1EEC /* Products */ = {
			isa = PBXGroup;
			children = (
				185CF8121CB65A32005E1EEC /* 新浪微博.app */,
				185CF82B1CB65A32005E1EEC /* 新浪微博Tests.xctest */,
				185CF8361CB65A32005E1EEC /* 新浪微博UITests.xctest */,
			);
			name = Products;
			sourceTree = "<group>";
		};
		185CF8141CB65A32005E1EEC /* 新浪微博 */ = {
			isa = PBXGroup;
			children = (
				18B8B4821CC0DE6400C13E25 /* Classes */,
				18B8B4791CC0DE4000C13E25 /* Common */,
				18B8B4D01CC3C8D500C13E25 /* Main */,
				185CF8181CB65A32005E1EEC /* AppDelegate.h */,
				185CF8191CB65A32005E1EEC /* AppDelegate.m */,
				185CF81B1CB65A32005E1EEC /* ViewController.h */,
				185CF81C1CB65A32005E1EEC /* ViewController.m */,
				185CF8211CB65A32005E1EEC /* Assets.xcassets */,
				185CF8231CB65A32005E1EEC /* LaunchScreen.storyboard */,
				185CF8261CB65A32005E1EEC /* Info.plist */,
				185EDE9E1CC89A4700BBDFCE /* Lib */,
				185CF8151CB65A32005E1EEC /* Supporting Files */,
			);
			path = "新浪微博";
			sourceTree = "<group>";
		};
		185CF8151CB65A32005E1EEC /* Supporting Files */ = {
			isa = PBXGroup;
			children = (
				185CF8161CB65A32005E1EEC /* main.m */,
				18B8B4D81CC482A100C13E25 /* 新浪微博.pch */,
			);
			name = "Supporting Files";
			sourceTree = "<group>";
		};
		185CF82E1CB65A32005E1EEC /* 新浪微博Tests */ = {
			isa = PBXGroup;
			children = (
				185CF82F1CB65A32005E1EEC /* ____Tests.m */,
				185CF8311CB65A32005E1EEC /* Info.plist */,
			);
			path = "新浪微博Tests";
			sourceTree = "<group>";
		};
		185CF8391CB65A32005E1EEC /* 新浪微博UITests */ = {
			isa = PBXGroup;
			children = (
				185CF83A1CB65A32005E1EEC /* ____UITests.m */,
				185CF83C1CB65A32005E1EEC /* Info.plist */,
			);
			path = "新浪微博UITests";
			sourceTree = "<group>";
		};
		185EDE8B1CC60B2600BBDFCE /* NewFeature */ = {
			isa = PBXGroup;
			children = (
				185EDE8C1CC60B2600BBDFCE /* Controller */,
				185EDE8D1CC60B2600BBDFCE /* Model */,
				185EDE8E1CC60B2600BBDFCE /* View */,
				185EDE8F1CC60B2600BBDFCE /* ViewModel */,
			);
			path = NewFeature;
			sourceTree = "<group>";
		};
		185EDE8C1CC60B2600BBDFCE /* Controller */ = {
			isa = PBXGroup;
			children = (
				185EDE901CC60C3B00BBDFCE /* YHNewFeatureController.h */,
				185EDE911CC60C3B00BBDFCE /* YHNewFeatureController.m */,
			);
			path = Controller;
			sourceTree = "<group>";
		};
		185EDE8D1CC60B2600BBDFCE /* Model */ = {
			isa = PBXGroup;
			children = (
			);
			path = Model;
			sourceTree = "<group>";
		};
		185EDE8E1CC60B2600BBDFCE /* View */ = {
			isa = PBXGroup;
			children = (
				185EDE931CC611EC00BBDFCE /* YHNewFeatureCell.h */,
				185EDE941CC611EC00BBDFCE /* YHNewFeatureCell.m */,
			);
			path = View;
			sourceTree = "<group>";
		};
		185EDE8F1CC60B2600BBDFCE /* ViewModel */ = {
			isa = PBXGroup;
			children = (
			);
			path = ViewModel;
			sourceTree = "<group>";
		};
		185EDE961CC7A02900BBDFCE /* OAuth */ = {
			isa = PBXGroup;
			children = (
				185EDE971CC7A02900BBDFCE /* Controller */,
				185EDE981CC7A02900BBDFCE /* Model */,
				185EDE991CC7A02900BBDFCE /* View */,
				185EDE9A1CC7A02900BBDFCE /* ViewModel */,
			);
			path = OAuth;
			sourceTree = "<group>";
		};
		185EDE971CC7A02900BBDFCE /* Controller */ = {
			isa = PBXGroup;
			children = (
				185EDE9B1CC7A05D00BBDFCE /* YHOAuthViewController.h */,
				185EDE9C1CC7A05D00BBDFCE /* YHOAuthViewController.m */,
			);
			path = Controller;
			sourceTree = "<group>";
		};
		185EDE981CC7A02900BBDFCE /* Model */ = {
			isa = PBXGroup;
			children = (
				185EDEB71CC8B22500BBDFCE /* YHAccount.h */,
				185EDEB81CC8B22500BBDFCE /* YHAccount.m */,
			);
			path = Model;
			sourceTree = "<group>";
		};
		185EDE991CC7A02900BBDFCE /* View */ = {
			isa = PBXGroup;
			children = (
			);
			path = View;
			sourceTree = "<group>";
		};
		185EDE9A1CC7A02900BBDFCE /* ViewModel */ = {
			isa = PBXGroup;
			children = (
			);
			path = ViewModel;
			sourceTree = "<group>";
		};
		185EDE9E1CC89A4700BBDFCE /* Lib */ = {
			isa = PBXGroup;
			children = (
				182B12391CCA098400FB9F55 /* SDWebImage */,
				185EDEC31CC8D0E200BBDFCE /* MJRefresh */,
				185EDF031CC9C98800BBDFCE /* MJExtension */,
				185EDEA31CC8A77F00BBDFCE /* AFNetworking */,
				185EDE9F1CC89ACB00BBDFCE /* MDProgressHUD */,
			);
			path = Lib;
			sourceTree = "<group>";
		};
		185EDE9F1CC89ACB00BBDFCE /* MDProgressHUD */ = {
			isa = PBXGroup;
			children = (
				185EDEA01CC89ACB00BBDFCE /* MBProgressHUD.h */,
				185EDEA11CC89ACB00BBDFCE /* MBProgressHUD.m */,
			);
			path = MDProgressHUD;
			sourceTree = "<group>";
		};
		185EDEA31CC8A77F00BBDFCE /* AFNetworking */ = {
			isa = PBXGroup;
			children = (
				185EDEA41CC8A77F00BBDFCE /* AFHTTPSessionManager.h */,
				185EDEA51CC8A77F00BBDFCE /* AFHTTPSessionManager.m */,
				185EDEA61CC8A77F00BBDFCE /* AFNetworking.h */,
				185EDEA71CC8A77F00BBDFCE /* AFNetworkReachabilityManager.h */,
				185EDEA81CC8A77F00BBDFCE /* AFNetworkReachabilityManager.m */,
				185EDEA91CC8A77F00BBDFCE /* AFSecurityPolicy.h */,
				185EDEAA1CC8A77F00BBDFCE /* AFSecurityPolicy.m */,
				185EDEAB1CC8A77F00BBDFCE /* AFURLRequestSerialization.h */,
				185EDEAC1CC8A77F00BBDFCE /* AFURLRequestSerialization.m */,
				185EDEAD1CC8A77F00BBDFCE /* AFURLResponseSerialization.h */,
				185EDEAE1CC8A77F00BBDFCE /* AFURLResponseSerialization.m */,
				185EDEAF1CC8A77F00BBDFCE /* AFURLSessionManager.h */,
				185EDEB01CC8A77F00BBDFCE /* AFURLSessionManager.m */,
			);
			name = AFNetworking;
			path = "../../../../Downloads/AFNetworking-master/AFNetworking";
			sourceTree = "<group>";
		};
		185EDEBA1CC8B63100BBDFCE /* Tool */ = {
			isa = PBXGroup;
			children = (
				185EDEBF1CC8C0AA00BBDFCE /* Root */,
				185EDEBB1CC8B63100BBDFCE /* Account */,
			);
			path = Tool;
			sourceTree = "<group>";
		};
		185EDEBB1CC8B63100BBDFCE /* Account */ = {
			isa = PBXGroup;
			children = (
				185EDEBC1CC8B71700BBDFCE /* YHAccountTool.h */,
				185EDEBD1CC8B71700BBDFCE /* YHAccountTool.m */,
			);
			path = Account;
			sourceTree = "<group>";
		};
		185EDEBF1CC8C0AA00BBDFCE /* Root */ = {
			isa = PBXGroup;
			children = (
				185EDEC01CC8C0C200BBDFCE /* YHRootTool.h */,
				185EDEC11CC8C0C200BBDFCE /* YHRootTool.m */,
			);
			path = Root;
			sourceTree = "<group>";
		};
		185EDEC31CC8D0E200BBDFCE /* MJRefresh */ = {
			isa = PBXGroup;
			children = (
				185EDEC41CC8D0E200BBDFCE /* Base */,
				185EDECF1CC8D0E200BBDFCE /* Custom */,
				185EDEE61CC8D0E200BBDFCE /* MJRefresh.bundle */,
				185EDEE71CC8D0E200BBDFCE /* MJRefresh.h */,
				185EDEE81CC8D0E200BBDFCE /* MJRefreshConst.h */,
				185EDEE91CC8D0E200BBDFCE /* MJRefreshConst.m */,
				185EDEEA1CC8D0E200BBDFCE /* UIScrollView+MJExtension.h */,
				185EDEEB1CC8D0E200BBDFCE /* UIScrollView+MJExtension.m */,
				185EDEEC1CC8D0E200BBDFCE /* UIScrollView+MJRefresh.h */,
				185EDEED1CC8D0E200BBDFCE /* UIScrollView+MJRefresh.m */,
				185EDEEE1CC8D0E200BBDFCE /* UIView+MJExtension.h */,
				185EDEEF1CC8D0E200BBDFCE /* UIView+MJExtension.m */,
			);
			name = MJRefresh;
			path = "../../../../Downloads/MJRefresh-master/MJRefresh";
			sourceTree = "<group>";
		};
		185EDEC41CC8D0E200BBDFCE /* Base */ = {
			isa = PBXGroup;
			children = (
				185EDEC51CC8D0E200BBDFCE /* MJRefreshAutoFooter.h */,
				185EDEC61CC8D0E200BBDFCE /* MJRefreshAutoFooter.m */,
				185EDEC71CC8D0E200BBDFCE /* MJRefreshBackFooter.h */,
				185EDEC81CC8D0E200BBDFCE /* MJRefreshBackFooter.m */,
				185EDEC91CC8D0E200BBDFCE /* MJRefreshComponent.h */,
				185EDECA1CC8D0E200BBDFCE /* MJRefreshComponent.m */,
				185EDECB1CC8D0E200BBDFCE /* MJRefreshFooter.h */,
				185EDECC1CC8D0E200BBDFCE /* MJRefreshFooter.m */,
				185EDECD1CC8D0E200BBDFCE /* MJRefreshHeader.h */,
				185EDECE1CC8D0E200BBDFCE /* MJRefreshHeader.m */,
			);
			path = Base;
			sourceTree = "<group>";
		};
		185EDECF1CC8D0E200BBDFCE /* Custom */ = {
			isa = PBXGroup;
			children = (
				185EDED01CC8D0E200BBDFCE /* Footer */,
				185EDEDF1CC8D0E200BBDFCE /* Header */,
			);
			path = Custom;
			sourceTree = "<group>";
		};
		185EDED01CC8D0E200BBDFCE /* Footer */ = {
			isa = PBXGroup;
			children = (
				185EDED11CC8D0E200BBDFCE /* Auto */,
				185EDED81CC8D0E200BBDFCE /* Back */,
			);
			path = Footer;
			sourceTree = "<group>";
		};
		185EDED11CC8D0E200BBDFCE /* Auto */ = {
			isa = PBXGroup;
			children = (
				185EDED21CC8D0E200BBDFCE /* MJRefreshAutoGifFooter.h */,
				185EDED31CC8D0E200BBDFCE /* MJRefreshAutoGifFooter.m */,
				185EDED41CC8D0E200BBDFCE /* MJRefreshAutoNormalFooter.h */,
				185EDED51CC8D0E200BBDFCE /* MJRefreshAutoNormalFooter.m */,
				185EDED61CC8D0E200BBDFCE /* MJRefreshAutoStateFooter.h */,
				185EDED71CC8D0E200BBDFCE /* MJRefreshAutoStateFooter.m */,
			);
			path = Auto;
			sourceTree = "<group>";
		};
		185EDED81CC8D0E200BBDFCE /* Back */ = {
			isa = PBXGroup;
			children = (
				185EDED91CC8D0E200BBDFCE /* MJRefreshBackGifFooter.h */,
				185EDEDA1CC8D0E200BBDFCE /* MJRefreshBackGifFooter.m */,
				185EDEDB1CC8D0E200BBDFCE /* MJRefreshBackNormalFooter.h */,
				185EDEDC1CC8D0E200BBDFCE /* MJRefreshBackNormalFooter.m */,
				185EDEDD1CC8D0E200BBDFCE /* MJRefreshBackStateFooter.h */,
				185EDEDE1CC8D0E200BBDFCE /* MJRefreshBackStateFooter.m */,
			);
			path = Back;
			sourceTree = "<group>";
		};
		185EDEDF1CC8D0E200BBDFCE /* Header */ = {
			isa = PBXGroup;
			children = (
				185EDEE01CC8D0E200BBDFCE /* MJRefreshGifHeader.h */,
				185EDEE11CC8D0E200BBDFCE /* MJRefreshGifHeader.m */,
				185EDEE21CC8D0E200BBDFCE /* MJRefreshNormalHeader.h */,
				185EDEE31CC8D0E200BBDFCE /* MJRefreshNormalHeader.m */,
				185EDEE41CC8D0E200BBDFCE /* MJRefreshStateHeader.h */,
				185EDEE51CC8D0E200BBDFCE /* MJRefreshStateHeader.m */,
			);
			path = Header;
			sourceTree = "<group>";
		};
		185EDF031CC9C98800BBDFCE /* MJExtension */ = {
			isa = PBXGroup;
			children = (
				185EDF041CC9C98800BBDFCE /* MJExtension.h */,
				185EDF051CC9C98800BBDFCE /* MJExtensionConst.h */,
				185EDF061CC9C98800BBDFCE /* MJExtensionConst.m */,
				185EDF071CC9C98800BBDFCE /* MJFoundation.h */,
				185EDF081CC9C98800BBDFCE /* MJFoundation.m */,
				185EDF091CC9C98800BBDFCE /* MJProperty.h */,
				185EDF0A1CC9C98800BBDFCE /* MJProperty.m */,
				185EDF0B1CC9C98800BBDFCE /* MJPropertyKey.h */,
				185EDF0C1CC9C98800BBDFCE /* MJPropertyKey.m */,
				185EDF0D1CC9C98800BBDFCE /* MJPropertyType.h */,
				185EDF0E1CC9C98800BBDFCE /* MJPropertyType.m */,
				185EDF0F1CC9C98800BBDFCE /* NSObject+MJClass.h */,
				185EDF101CC9C98800BBDFCE /* NSObject+MJClass.m */,
				185EDF111CC9C98800BBDFCE /* NSObject+MJCoding.h */,
				185EDF121CC9C98800BBDFCE /* NSObject+MJCoding.m */,
				185EDF131CC9C98800BBDFCE /* NSObject+MJKeyValue.h */,
				185EDF141CC9C98800BBDFCE /* NSObject+MJKeyValue.m */,
				185EDF151CC9C98800BBDFCE /* NSObject+MJProperty.h */,
				185EDF161CC9C98800BBDFCE /* NSObject+MJProperty.m */,
				185EDF171CC9C98800BBDFCE /* NSString+MJExtension.h */,
				185EDF181CC9C98800BBDFCE /* NSString+MJExtension.m */,
			);
			name = MJExtension;
			path = "../../../../Downloads/MJExtension-master/MJExtension";
			sourceTree = "<group>";
		};
		18B8B4791CC0DE4000C13E25 /* Common */ = {
			isa = PBXGroup;
			children = (
				18B8B47D1CC0DE4000C13E25 /* Macro.h */,
				185CF84F1CB751D7005E1EEC /* YYHUtill.h */,
				185CF8501CB751D7005E1EEC /* YYHUtill.m */,
				18B8B47A1CC0DE4000C13E25 /* Controller */,
				18B8B4DC1CC513E800C13E25 /* Other */,
				18B8B47E1CC0DE4000C13E25 /* Model */,
				18B8B47F1CC0DE4000C13E25 /* View */,
				18B8B4801CC0DE4000C13E25 /* ViewModel */,
			);
			path = Common;
			sourceTree = "<group>";
		};
		18B8B47A1CC0DE4000C13E25 /* Controller */ = {
			isa = PBXGroup;
			children = (
				18B8B47B1CC0DE4000C13E25 /* YYHBaseViewController.h */,
				18B8B47C1CC0DE4000C13E25 /* YYHBaseViewController.m */,
			);
			path = Controller;
			sourceTree = "<group>";
		};
		18B8B47E1CC0DE4000C13E25 /* Model */ = {
			isa = PBXGroup;
			children = (
			);
			path = Model;
			sourceTree = "<group>";
		};
		18B8B47F1CC0DE4000C13E25 /* View */ = {
			isa = PBXGroup;
			children = (
				185CF8481CB74171005E1EEC /* YYHTabBar.h */,
				185CF8491CB74171005E1EEC /* YYHTabBar.m */,
			);
			path = View;
			sourceTree = "<group>";
		};
		18B8B4801CC0DE4000C13E25 /* ViewModel */ = {
			isa = PBXGroup;
			children = (
			);
			path = ViewModel;
			sourceTree = "<group>";
		};
		18B8B4821CC0DE6400C13E25 /* Classes */ = {
			isa = PBXGroup;
			children = (
				185EDEBA1CC8B63100BBDFCE /* Tool */,
				185EDE961CC7A02900BBDFCE /* OAuth */,
				185EDE8B1CC60B2600BBDFCE /* NewFeature */,
				18B8B4831CC0DE6400C13E25 /* Discover */,
				18B8B4881CC0DE6400C13E25 /* Home */,
				18B8B4921CC0DE6400C13E25 /* Message */,
				18B8B4991CC0DE6400C13E25 /* Profile */,
			);
			path = Classes;
			sourceTree = "<group>";
		};
		18B8B4831CC0DE6400C13E25 /* Discover */ = {
			isa = PBXGroup;
			children = (
				18B8B4841CC0DE6400C13E25 /* Controller */,
				18B8B4851CC0DE6400C13E25 /* Model */,
				18B8B4861CC0DE6400C13E25 /* View */,
				18B8B4871CC0DE6400C13E25 /* ViewModel */,
			);
			path = Discover;
			sourceTree = "<group>";
		};
		18B8B4841CC0DE6400C13E25 /* Controller */ = {
			isa = PBXGroup;
			children = (
				18B8B4AA1CC0E91600C13E25 /* YYHDiscoverViewController.h */,
				18B8B4AB1CC0E91600C13E25 /* YYHDiscoverViewController.m */,
			);
			path = Controller;
			sourceTree = "<group>";
		};
		18B8B4851CC0DE6400C13E25 /* Model */ = {
			isa = PBXGroup;
			children = (
			);
			path = Model;
			sourceTree = "<group>";
		};
		18B8B4861CC0DE6400C13E25 /* View */ = {
			isa = PBXGroup;
			children = (
				185EDE881CC5F97900BBDFCE /* YHSearchBar.h */,
				185EDE891CC5F97900BBDFCE /* YHSearchBar.m */,
			);
			path = View;
			sourceTree = "<group>";
		};
		18B8B4871CC0DE6400C13E25 /* ViewModel */ = {
			isa = PBXGroup;
			children = (
			);
			path = ViewModel;
			sourceTree = "<group>";
		};
		18B8B4881CC0DE6400C13E25 /* Home */ = {
			isa = PBXGroup;
			children = (
				18B8B4891CC0DE6400C13E25 /* Controller */,
				18B8B48A1CC0DE6400C13E25 /* Model */,
				18B8B48B1CC0DE6400C13E25 /* View */,
				18B8B48C1CC0DE6400C13E25 /* ViewModel */,
			);
			path = Home;
			sourceTree = "<group>";
		};
		18B8B4891CC0DE6400C13E25 /* Controller */ = {
			isa = PBXGroup;
			children = (
				18B8B4A11CC0E84400C13E25 /* YYHHomeViewController.h */,
				18B8B4A21CC0E84400C13E25 /* YYHHomeViewController.m */,
				18B8B4E41CC5175000C13E25 /* YHCenterTableViewController.h */,
				18B8B4E51CC5175000C13E25 /* YHCenterTableViewController.m */,
			);
			path = Controller;
			sourceTree = "<group>";
		};
		18B8B48A1CC0DE6400C13E25 /* Model */ = {
			isa = PBXGroup;
			children = (
				185EDF231CC9CB8100BBDFCE /* YHStatus.h */,
				185EDF241CC9CB8100BBDFCE /* YHStatus.m */,
				182B12331CC9ED5600FB9F55 /* YHUser.h */,
				182B12341CC9ED5600FB9F55 /* YHUser.m */,
				182B12361CC9F74800FB9F55 /* YHPhoto.h */,
				182B12371CC9F74800FB9F55 /* YHPhoto.m */,
			);
			path = Model;
			sourceTree = "<group>";
		};
		18B8B48B1CC0DE6400C13E25 /* View */ = {
			isa = PBXGroup;
			children = (
				18B8B4D91CC4BBB300C13E25 /* YHCover.h */,
				18B8B4DA1CC4BBB300C13E25 /* YHCover.m */,
				18B8B4E11CC5161800C13E25 /* YHPopMenu.h */,
				18B8B4E21CC5161800C13E25 /* YHPopMenu.m */,
			);
			path = View;
			sourceTree = "<group>";
		};
		18B8B48C1CC0DE6400C13E25 /* ViewModel */ = {
			isa = PBXGroup;
			children = (
			);
			path = ViewModel;
			sourceTree = "<group>";
		};
		18B8B4921CC0DE6400C13E25 /* Message */ = {
			isa = PBXGroup;
			children = (
				18B8B4931CC0DE6400C13E25 /* Controller */,
				18B8B4941CC0DE6400C13E25 /* Model */,
				18B8B4951CC0DE6400C13E25 /* View */,
				18B8B4961CC0DE6400C13E25 /* ViewModel */,
			);
			path = Message;
			sourceTree = "<group>";
		};
		18B8B4931CC0DE6400C13E25 /* Controller */ = {
			isa = PBXGroup;
			children = (
				18B8B4A41CC0E8F700C13E25 /* YYHMessageViewController.h */,
				18B8B4A51CC0E8F700C13E25 /* YYHMessageViewController.m */,
			);
			path = Controller;
			sourceTree = "<group>";
		};
		18B8B4941CC0DE6400C13E25 /* Model */ = {
			isa = PBXGroup;
			children = (
			);
			path = Model;
			sourceTree = "<group>";
		};
		18B8B4951CC0DE6400C13E25 /* View */ = {
			isa = PBXGroup;
			children = (
			);
			path = View;
			sourceTree = "<group>";
		};
		18B8B4961CC0DE6400C13E25 /* ViewModel */ = {
			isa = PBXGroup;
			children = (
			);
			path = ViewModel;
			sourceTree = "<group>";
		};
		18B8B4991CC0DE6400C13E25 /* Profile */ = {
			isa = PBXGroup;
			children = (
				18B8B49A1CC0DE6400C13E25 /* Controller */,
				18B8B49B1CC0DE6400C13E25 /* Model */,
				18B8B49C1CC0DE6400C13E25 /* View */,
				18B8B49D1CC0DE6400C13E25 /* ViewModel */,
			);
			path = Profile;
			sourceTree = "<group>";
		};
		18B8B49A1CC0DE6400C13E25 /* Controller */ = {
			isa = PBXGroup;
			children = (
				18B8B4A71CC0E90800C13E25 /* YYHProfileViewController.h */,
				18B8B4A81CC0E90800C13E25 /* YYHProfileViewController.m */,
			);
			path = Controller;
			sourceTree = "<group>";
		};
		18B8B49B1CC0DE6400C13E25 /* Model */ = {
			isa = PBXGroup;
			children = (
			);
			path = Model;
			sourceTree = "<group>";
		};
		18B8B49C1CC0DE6400C13E25 /* View */ = {
			isa = PBXGroup;
			children = (
			);
			path = View;
			sourceTree = "<group>";
		};
		18B8B49D1CC0DE6400C13E25 /* ViewModel */ = {
			isa = PBXGroup;
			children = (
			);
			path = ViewModel;
			sourceTree = "<group>";
		};
		18B8B4D01CC3C8D500C13E25 /* Main */ = {
			isa = PBXGroup;
			children = (
				18B8B4D11CC3C8D500C13E25 /* Controller */,
				18B8B4D41CC3C8D500C13E25 /* Model */,
				18B8B4D51CC3C8D500C13E25 /* View */,
				18B8B4D61CC3C8D500C13E25 /* ViewModel */,
			);
			path = Main;
			sourceTree = "<group>";
		};
		18B8B4D11CC3C8D500C13E25 /* Controller */ = {
			isa = PBXGroup;
			children = (
				18B8B4D21CC3C8D500C13E25 /* YYHMainViewController.h */,
				18B8B4D31CC3C8D500C13E25 /* YYHMainViewController.m */,
			);
			path = Controller;
			sourceTree = "<group>";
		};
		18B8B4D41CC3C8D500C13E25 /* Model */ = {
			isa = PBXGroup;
			children = (
			);
			path = Model;
			sourceTree = "<group>";
		};
		18B8B4D51CC3C8D500C13E25 /* View */ = {
			isa = PBXGroup;
			children = (
			);
			path = View;
			sourceTree = "<group>";
		};
		18B8B4D61CC3C8D500C13E25 /* ViewModel */ = {
			isa = PBXGroup;
			children = (
			);
			path = ViewModel;
			sourceTree = "<group>";
		};
		18B8B4DC1CC513E800C13E25 /* Other */ = {
			isa = PBXGroup;
			children = (
				18B8B4DD1CC513E800C13E25 /* Category */,
			);
			path = Other;
			sourceTree = "<group>";
		};
		18B8B4DD1CC513E800C13E25 /* Category */ = {
			isa = PBXGroup;
			children = (
				18B8B4DE1CC5140F00C13E25 /* UIImage+Image.h */,
				18B8B4DF1CC5140F00C13E25 /* UIImage+Image.m */,
			);
			path = Category;
			sourceTree = "<group>";
		};
/* End PBXGroup section */

/* Begin PBXNativeTarget section */
		185CF8111CB65A32005E1EEC /* 新浪微博 */ = {
			isa = PBXNativeTarget;
			buildConfigurationList = 185CF83F1CB65A32005E1EEC /* Build configuration list for PBXNativeTarget "新浪微博" */;
			buildPhases = (
				185CF80E1CB65A32005E1EEC /* Sources */,
				185CF80F1CB65A32005E1EEC /* Frameworks */,
				185CF8101CB65A32005E1EEC /* Resources */,
			);
			buildRules = (
			);
			dependencies = (
			);
			name = "新浪微博";
			productName = "新浪微博";
			productReference = 185CF8121CB65A32005E1EEC /* 新浪微博.app */;
			productType = "com.apple.product-type.application";
		};
		185CF82A1CB65A32005E1EEC /* 新浪微博Tests */ = {
			isa = PBXNativeTarget;
			buildConfigurationList = 185CF8421CB65A32005E1EEC /* Build configuration list for PBXNativeTarget "新浪微博Tests" */;
			buildPhases = (
				185CF8271CB65A32005E1EEC /* Sources */,
				185CF8281CB65A32005E1EEC /* Frameworks */,
				185CF8291CB65A32005E1EEC /* Resources */,
			);
			buildRules = (
			);
			dependencies = (
				185CF82D1CB65A32005E1EEC /* PBXTargetDependency */,
			);
			name = "新浪微博Tests";
			productName = "新浪微博Tests";
			productReference = 185CF82B1CB65A32005E1EEC /* 新浪微博Tests.xctest */;
			productType = "com.apple.product-type.bundle.unit-test";
		};
		185CF8351CB65A32005E1EEC /* 新浪微博UITests */ = {
			isa = PBXNativeTarget;
			buildConfigurationList = 185CF8451CB65A32005E1EEC /* Build configuration list for PBXNativeTarget "新浪微博UITests" */;
			buildPhases = (
				185CF8321CB65A32005E1EEC /* Sources */,
				185CF8331CB65A32005E1EEC /* Frameworks */,
				185CF8341CB65A32005E1EEC /* Resources */,
			);
			buildRules = (
			);
			dependencies = (
				185CF8381CB65A32005E1EEC /* PBXTargetDependency */,
			);
			name = "新浪微博UITests";
			productName = "新浪微博UITests";
			productReference = 185CF8361CB65A32005E1EEC /* 新浪微博UITests.xctest */;
			productType = "com.apple.product-type.bundle.ui-testing";
		};
/* End PBXNativeTarget section */

/* Begin PBXProject section */
		185CF80A1CB65A32005E1EEC /* Project object */ = {
			isa = PBXProject;
			attributes = {
				LastUpgradeCheck = 0730;
				ORGANIZATIONNAME = YYH;
				TargetAttributes = {
					185CF8111CB65A32005E1EEC = {
						CreatedOnToolsVersion = 7.3;
						DevelopmentTeam = C762K875F3;
					};
					185CF82A1CB65A32005E1EEC = {
						CreatedOnToolsVersion = 7.3;
						DevelopmentTeam = C762K875F3;
						TestTargetID = 185CF8111CB65A32005E1EEC;
					};
					185CF8351CB65A32005E1EEC = {
						CreatedOnToolsVersion = 7.3;
						DevelopmentTeam = C762K875F3;
						TestTargetID = 185CF8111CB65A32005E1EEC;
					};
				};
			};
			buildConfigurationList = 185CF80D1CB65A32005E1EEC /* Build configuration list for PBXProject "新浪微博" */;
			compatibilityVersion = "Xcode 3.2";
			developmentRegion = English;
			hasScannedForEncodings = 0;
			knownRegions = (
				en,
				Base,
			);
			mainGroup = 185CF8091CB65A32005E1EEC;
			productRefGroup = 185CF8131CB65A32005E1EEC /* Products */;
			projectDirPath = "";
			projectRoot = "";
			targets = (
				185CF8111CB65A32005E1EEC /* 新浪微博 */,
				185CF82A1CB65A32005E1EEC /* 新浪微博Tests */,
				185CF8351CB65A32005E1EEC /* 新浪微博UITests */,
			);
		};
/* End PBXProject section */

/* Begin PBXResourcesBuildPhase section */
		185CF8101CB65A32005E1EEC /* Resources */ = {
			isa = PBXResourcesBuildPhase;
			buildActionMask = 2147483647;
			files = (
				185CF8251CB65A32005E1EEC /* LaunchScreen.storyboard in Resources */,
				185CF8221CB65A32005E1EEC /* Assets.xcassets in Resources */,
				185EDEFE1CC8D0E200BBDFCE /* MJRefresh.bundle in Resources */,
			);
			runOnlyForDeploymentPostprocessing = 0;
		};
		185CF8291CB65A32005E1EEC /* Resources */ = {
			isa = PBXResourcesBuildPhase;
			buildActionMask = 2147483647;
			files = (
			);
			runOnlyForDeploymentPostprocessing = 0;
		};
		185CF8341CB65A32005E1EEC /* Resources */ = {
			isa = PBXResourcesBuildPhase;
			buildActionMask = 2147483647;
			files = (
			);
			runOnlyForDeploymentPostprocessing = 0;
		};
/* End PBXResourcesBuildPhase section */

/* Begin PBXSourcesBuildPhase section */
		185CF80E1CB65A32005E1EEC /* Sources */ = {
			isa = PBXSourcesBuildPhase;
			buildActionMask = 2147483647;
			files = (
				185CF84A1CB74171005E1EEC /* YYHTabBar.m in Sources */,
				185EDEFC1CC8D0E200BBDFCE /* MJRefreshNormalHeader.m in Sources */,
				185EDE8A1CC5F97900BBDFCE /* YHSearchBar.m in Sources */,
				185EDEFA1CC8D0E200BBDFCE /* MJRefreshBackStateFooter.m in Sources */,
				185EDE951CC611EC00BBDFCE /* YHNewFeatureCell.m in Sources */,
				185EDF221CC9C98800BBDFCE /* NSString+MJExtension.m in Sources */,
				18B8B4A91CC0E90800C13E25 /* YYHProfileViewController.m in Sources */,
				182B12641CCA098400FB9F55 /* UIButton+WebCache.m in Sources */,
				182B12611CCA098400FB9F55 /* SDWebImageDownloaderOperation.m in Sources */,
				185EDEB31CC8A77F00BBDFCE /* AFSecurityPolicy.m in Sources */,
				185EDF021CC8D0E200BBDFCE /* UIView+MJExtension.m in Sources */,
				185EDEF91CC8D0E200BBDFCE /* MJRefreshBackNormalFooter.m in Sources */,
				185CF81D1CB65A32005E1EEC /* ViewController.m in Sources */,
				185EDEBE1CC8B71700BBDFCE /* YHAccountTool.m in Sources */,
				185EDEF31CC8D0E200BBDFCE /* MJRefreshFooter.m in Sources */,
				185EDEB11CC8A77F00BBDFCE /* AFHTTPSessionManager.m in Sources */,
				182B12661CCA098400FB9F55 /* UIImage+MultiFormat.m in Sources */,
				185EDF1D1CC9C98800BBDFCE /* MJPropertyType.m in Sources */,
				185EDF1E1CC9C98800BBDFCE /* NSObject+MJClass.m in Sources */,
				185EDEC21CC8C0C200BBDFCE /* YHRootTool.m in Sources */,
				185EDEF41CC8D0E200BBDFCE /* MJRefreshHeader.m in Sources */,
				182B12351CC9ED5600FB9F55 /* YHUser.m in Sources */,
				185EDEFF1CC8D0E200BBDFCE /* MJRefreshConst.m in Sources */,
				18B8B4811CC0DE4000C13E25 /* YYHBaseViewController.m in Sources */,
				182B126A1CCA098400FB9F55 /* UIView+WebCacheOperation.m in Sources */,
				18B8B4A31CC0E84400C13E25 /* YYHHomeViewController.m in Sources */,
				185EDE921CC60C3B00BBDFCE /* YHNewFeatureController.m in Sources */,
				182B12381CC9F74800FB9F55 /* YHPhoto.m in Sources */,
				185EDEF61CC8D0E200BBDFCE /* MJRefreshAutoNormalFooter.m in Sources */,
				18B8B4A61CC0E8F700C13E25 /* YYHMessageViewController.m in Sources */,
				185EDF211CC9C98800BBDFCE /* NSObject+MJProperty.m in Sources */,
				185CF81A1CB65A32005E1EEC /* AppDelegate.m in Sources */,
				182B125C1CCA098400FB9F55 /* NSData+ImageContentType.m in Sources */,
				182B12691CCA098400FB9F55 /* UIImageView+WebCache.m in Sources */,
				18B8B4E31CC5161800C13E25 /* YHPopMenu.m in Sources */,
				182B125B1CCA098400FB9F55 /* MKAnnotationView+WebCache.m in Sources */,
				185EDF1B1CC9C98800BBDFCE /* MJProperty.m in Sources */,
				18B8B4E01CC5140F00C13E25 /* UIImage+Image.m in Sources */,
				185EDEF81CC8D0E200BBDFCE /* MJRefreshBackGifFooter.m in Sources */,
				185EDF251CC9CB8100BBDFCE /* YHStatus.m in Sources */,
				185CF8171CB65A32005E1EEC /* main.m in Sources */,
				182B12621CCA098400FB9F55 /* SDWebImageManager.m in Sources */,
				185EDEF51CC8D0E200BBDFCE /* MJRefreshAutoGifFooter.m in Sources */,
				185EDEFB1CC8D0E200BBDFCE /* MJRefreshGifHeader.m in Sources */,
				185EDEF21CC8D0E200BBDFCE /* MJRefreshComponent.m in Sources */,
				185EDEA21CC89ACB00BBDFCE /* MBProgressHUD.m in Sources */,
				182B12651CCA098400FB9F55 /* UIImage+GIF.m in Sources */,
				18B8B4DB1CC4BBB300C13E25 /* YHCover.m in Sources */,
				182B125E1CCA098400FB9F55 /* SDWebImageCompat.m in Sources */,
				185EDF001CC8D0E200BBDFCE /* UIScrollView+MJExtension.m in Sources */,
				185EDEB41CC8A77F00BBDFCE /* AFURLRequestSerialization.m in Sources */,
				185EDEB61CC8A77F00BBDFCE /* AFURLSessionManager.m in Sources */,
				182B12681CCA098400FB9F55 /* UIImageView+HighlightedWebCache.m in Sources */,
				185EDEB51CC8A77F00BBDFCE /* AFURLResponseSerialization.m in Sources */,
				185EDEF11CC8D0E200BBDFCE /* MJRefreshBackFooter.m in Sources */,
				185EDEFD1CC8D0E200BBDFCE /* MJRefreshStateHeader.m in Sources */,
				185EDEB91CC8B22500BBDFCE /* YHAccount.m in Sources */,
				185EDEB21CC8A77F00BBDFCE /* AFNetworkReachabilityManager.m in Sources */,
				185EDF1C1CC9C98800BBDFCE /* MJPropertyKey.m in Sources */,
				18B8B4E61CC5175000C13E25 /* YHCenterTableViewController.m in Sources */,
				182B125F1CCA098400FB9F55 /* SDWebImageDecoder.m in Sources */,
				185EDF191CC9C98800BBDFCE /* MJExtensionConst.m in Sources */,
				18B8B4AC1CC0E91600C13E25 /* YYHDiscoverViewController.m in Sources */,
				185EDF011CC8D0E200BBDFCE /* UIScrollView+MJRefresh.m in Sources */,
				185EDF1A1CC9C98800BBDFCE /* MJFoundation.m in Sources */,
				182B125D1CCA098400FB9F55 /* SDImageCache.m in Sources */,
				182B12631CCA098400FB9F55 /* SDWebImagePrefetcher.m in Sources */,
				182B12601CCA098400FB9F55 /* SDWebImageDownloader.m in Sources */,
				182B12671CCA098400FB9F55 /* UIImage+WebP.m in Sources */,
				185EDF201CC9C98800BBDFCE /* NSObject+MJKeyValue.m in Sources */,
				185CF8511CB751D7005E1EEC /* YYHUtill.m in Sources */,
				18B8B4D71CC3C8D500C13E25 /* YYHMainViewController.m in Sources */,
				185EDF1F1CC9C98800BBDFCE /* NSObject+MJCoding.m in Sources */,
				185EDEF71CC8D0E200BBDFCE /* MJRefreshAutoStateFooter.m in Sources */,
				185EDEF01CC8D0E200BBDFCE /* MJRefreshAutoFooter.m in Sources */,
				185EDE9D1CC7A05D00BBDFCE /* YHOAuthViewController.m in Sources */,
			);
			runOnlyForDeploymentPostprocessing = 0;
		};
		185CF8271CB65A32005E1EEC /* Sources */ = {
			isa = PBXSourcesBuildPhase;
			buildActionMask = 2147483647;
			files = (
				185CF8301CB65A32005E1EEC /* ____Tests.m in Sources */,
			);
			runOnlyForDeploymentPostprocessing = 0;
		};
		185CF8321CB65A32005E1EEC /* Sources */ = {
			isa = PBXSourcesBuildPhase;
			buildActionMask = 2147483647;
			files = (
				185CF83B1CB65A32005E1EEC /* ____UITests.m in Sources */,
			);
			runOnlyForDeploymentPostprocessing = 0;
		};
/* End PBXSourcesBuildPhase section */

/* Begin PBXTargetDependency section */
		185CF82D1CB65A32005E1EEC /* PBXTargetDependency */ = {
			isa = PBXTargetDependency;
			target = 185CF8111CB65A32005E1EEC /* 新浪微博 */;
			targetProxy = 185CF82C1CB65A32005E1EEC /* PBXContainerItemProxy */;
		};
		185CF8381CB65A32005E1EEC /* PBXTargetDependency */ = {
			isa = PBXTargetDependency;
			target = 185CF8111CB65A32005E1EEC /* 新浪微博 */;
			targetProxy = 185CF8371CB65A32005E1EEC /* PBXContainerItemProxy */;
		};
/* End PBXTargetDependency section */

/* Begin PBXVariantGroup section */
		185CF8231CB65A32005E1EEC /* LaunchScreen.storyboard */ = {
			isa = PBXVariantGroup;
			children = (
				185CF8241CB65A32005E1EEC /* Base */,
			);
			name = LaunchScreen.storyboard;
			sourceTree = "<group>";
		};
/* End PBXVariantGroup section */

/* Begin XCBuildConfiguration section */
		185CF83D1CB65A32005E1EEC /* Debug */ = {
			isa = XCBuildConfiguration;
			buildSettings = {
				ALWAYS_SEARCH_USER_PATHS = NO;
				CLANG_ANALYZER_NONNULL = YES;
				CLANG_CXX_LANGUAGE_STANDARD = "gnu++0x";
				CLANG_CXX_LIBRARY = "libc++";
				CLANG_ENABLE_MODULES = YES;
				CLANG_ENABLE_OBJC_ARC = YES;
				CLANG_WARN_BOOL_CONVERSION = YES;
				CLANG_WARN_CONSTANT_CONVERSION = YES;
				CLANG_WARN_DIRECT_OBJC_ISA_USAGE = YES_ERROR;
				CLANG_WARN_EMPTY_BODY = YES;
				CLANG_WARN_ENUM_CONVERSION = YES;
				CLANG_WARN_INT_CONVERSION = YES;
				CLANG_WARN_OBJC_ROOT_CLASS = YES_ERROR;
				CLANG_WARN_UNREACHABLE_CODE = YES;
				CLANG_WARN__DUPLICATE_METHOD_MATCH = YES;
				"CODE_SIGN_IDENTITY[sdk=iphoneos*]" = "iPhone Developer";
				COPY_PHASE_STRIP = NO;
				DEBUG_INFORMATION_FORMAT = dwarf;
				ENABLE_STRICT_OBJC_MSGSEND = YES;
				ENABLE_TESTABILITY = YES;
				GCC_C_LANGUAGE_STANDARD = gnu99;
				GCC_DYNAMIC_NO_PIC = NO;
				GCC_NO_COMMON_BLOCKS = YES;
				GCC_OPTIMIZATION_LEVEL = 0;
				GCC_PREPROCESSOR_DEFINITIONS = (
					"DEBUG=1",
					"$(inherited)",
				);
				GCC_WARN_64_TO_32_BIT_CONVERSION = YES;
				GCC_WARN_ABOUT_RETURN_TYPE = YES_ERROR;
				GCC_WARN_UNDECLARED_SELECTOR = YES;
				GCC_WARN_UNINITIALIZED_AUTOS = YES_AGGRESSIVE;
				GCC_WARN_UNUSED_FUNCTION = YES;
				GCC_WARN_UNUSED_VARIABLE = YES;
				IPHONEOS_DEPLOYMENT_TARGET = 9.3;
				MTL_ENABLE_DEBUG_INFO = YES;
				ONLY_ACTIVE_ARCH = YES;
				SDKROOT = iphoneos;
			};
			name = Debug;
		};
		185CF83E1CB65A32005E1EEC /* Release */ = {
			isa = XCBuildConfiguration;
			buildSettings = {
				ALWAYS_SEARCH_USER_PATHS = NO;
				CLANG_ANALYZER_NONNULL = YES;
				CLANG_CXX_LANGUAGE_STANDARD = "gnu++0x";
				CLANG_CXX_LIBRARY = "libc++";
				CLANG_ENABLE_MODULES = YES;
				CLANG_ENABLE_OBJC_ARC = YES;
				CLANG_WARN_BOOL_CONVERSION = YES;
				CLANG_WARN_CONSTANT_CONVERSION = YES;
				CLANG_WARN_DIRECT_OBJC_ISA_USAGE = YES_ERROR;
				CLANG_WARN_EMPTY_BODY = YES;
				CLANG_WARN_ENUM_CONVERSION = YES;
				CLANG_WARN_INT_CONVERSION = YES;
				CLANG_WARN_OBJC_ROOT_CLASS = YES_ERROR;
				CLANG_WARN_UNREACHABLE_CODE = YES;
				CLANG_WARN__DUPLICATE_METHOD_MATCH = YES;
				"CODE_SIGN_IDENTITY[sdk=iphoneos*]" = "iPhone Developer";
				COPY_PHASE_STRIP = NO;
				DEBUG_INFORMATION_FORMAT = "dwarf-with-dsym";
				ENABLE_NS_ASSERTIONS = NO;
				ENABLE_STRICT_OBJC_MSGSEND = YES;
				GCC_C_LANGUAGE_STANDARD = gnu99;
				GCC_NO_COMMON_BLOCKS = YES;
				GCC_WARN_64_TO_32_BIT_CONVERSION = YES;
				GCC_WARN_ABOUT_RETURN_TYPE = YES_ERROR;
				GCC_WARN_UNDECLARED_SELECTOR = YES;
				GCC_WARN_UNINITIALIZED_AUTOS = YES_AGGRESSIVE;
				GCC_WARN_UNUSED_FUNCTION = YES;
				GCC_WARN_UNUSED_VARIABLE = YES;
				IPHONEOS_DEPLOYMENT_TARGET = 9.3;
				MTL_ENABLE_DEBUG_INFO = NO;
				SDKROOT = iphoneos;
				VALIDATE_PRODUCT = YES;
			};
			name = Release;
		};
		185CF8401CB65A32005E1EEC /* Debug */ = {
			isa = XCBuildConfiguration;
			buildSettings = {
				ASSETCATALOG_COMPILER_APPICON_NAME = AppIcon;
				ASSETCATALOG_COMPILER_LAUNCHIMAGE_NAME = "Brand Assets";
				GCC_PREFIX_HEADER = "$(SRCROOT)/新浪微博/新浪微博.pch";
				INFOPLIST_FILE = "新浪微博/Info.plist";
				LD_RUNPATH_SEARCH_PATHS = "$(inherited) @executable_path/Frameworks";
				PRODUCT_BUNDLE_IDENTIFIER = "com.YYH.----";
				PRODUCT_NAME = "$(TARGET_NAME)";
			};
			name = Debug;
		};
		185CF8411CB65A32005E1EEC /* Release */ = {
			isa = XCBuildConfiguration;
			buildSettings = {
				ASSETCATALOG_COMPILER_APPICON_NAME = AppIcon;
				ASSETCATALOG_COMPILER_LAUNCHIMAGE_NAME = "Brand Assets";
				GCC_PREFIX_HEADER = "$(SRCROOT)/新浪微博/新浪微博.pch";
				INFOPLIST_FILE = "新浪微博/Info.plist";
				LD_RUNPATH_SEARCH_PATHS = "$(inherited) @executable_path/Frameworks";
				PRODUCT_BUNDLE_IDENTIFIER = "com.YYH.----";
				PRODUCT_NAME = "$(TARGET_NAME)";
			};
			name = Release;
		};
		185CF8431CB65A32005E1EEC /* Debug */ = {
			isa = XCBuildConfiguration;
			buildSettings = {
				BUNDLE_LOADER = "$(TEST_HOST)";
				INFOPLIST_FILE = "新浪微博Tests/Info.plist";
				LD_RUNPATH_SEARCH_PATHS = "$(inherited) @executable_path/Frameworks @loader_path/Frameworks";
				PRODUCT_BUNDLE_IDENTIFIER = "com.YYH.----Tests";
				PRODUCT_NAME = "$(TARGET_NAME)";
				TEST_HOST = "$(BUILT_PRODUCTS_DIR)/新浪微博.app/新浪微博";
			};
			name = Debug;
		};
		185CF8441CB65A32005E1EEC /* Release */ = {
			isa = XCBuildConfiguration;
			buildSettings = {
				BUNDLE_LOADER = "$(TEST_HOST)";
				INFOPLIST_FILE = "新浪微博Tests/Info.plist";
				LD_RUNPATH_SEARCH_PATHS = "$(inherited) @executable_path/Frameworks @loader_path/Frameworks";
				PRODUCT_BUNDLE_IDENTIFIER = "com.YYH.----Tests";
				PRODUCT_NAME = "$(TARGET_NAME)";
				TEST_HOST = "$(BUILT_PRODUCTS_DIR)/新浪微博.app/新浪微博";
			};
			name = Release;
		};
		185CF8461CB65A32005E1EEC /* Debug */ = {
			isa = XCBuildConfiguration;
			buildSettings = {
				INFOPLIST_FILE = "新浪微博UITests/Info.plist";
				LD_RUNPATH_SEARCH_PATHS = "$(inherited) @executable_path/Frameworks @loader_path/Frameworks";
				PRODUCT_BUNDLE_IDENTIFIER = "com.YYH.----UITests";
				PRODUCT_NAME = "$(TARGET_NAME)";
				TEST_TARGET_NAME = "新浪微博";
			};
			name = Debug;
		};
		185CF8471CB65A32005E1EEC /* Release */ = {
			isa = XCBuildConfiguration;
			buildSettings = {
				INFOPLIST_FILE = "新浪微博UITests/Info.plist";
				LD_RUNPATH_SEARCH_PATHS = "$(inherited) @executable_path/Frameworks @loader_path/Frameworks";
				PRODUCT_BUNDLE_IDENTIFIER = "com.YYH.----UITests";
				PRODUCT_NAME = "$(TARGET_NAME)";
				TEST_TARGET_NAME = "新浪微博";
			};
			name = Release;
		};
/* End XCBuildConfiguration section */

/* Begin XCConfigurationList section */
		185CF80D1CB65A32005E1EEC /* Build configuration list for PBXProject "新浪微博" */ = {
			isa = XCConfigurationList;
			buildConfigurations = (
				185CF83D1CB65A32005E1EEC /* Debug */,
				185CF83E1CB65A32005E1EEC /* Release */,
			);
			defaultConfigurationIsVisible = 0;
			defaultConfigurationName = Release;
		};
		185CF83F1CB65A32005E1EEC /* Build configuration list for PBXNativeTarget "新浪微博" */ = {
			isa = XCConfigurationList;
			buildConfigurations = (
				185CF8401CB65A32005E1EEC /* Debug */,
				185CF8411CB65A32005E1EEC /* Release */,
			);
			defaultConfigurationIsVisible = 0;
			defaultConfigurationName = Release;
		};
		185CF8421CB65A32005E1EEC /* Build configuration list for PBXNativeTarget "新浪微博Tests" */ = {
			isa = XCConfigurationList;
			buildConfigurations = (
				185CF8431CB65A32005E1EEC /* Debug */,
				185CF8441CB65A32005E1EEC /* Release */,
			);
			defaultConfigurationIsVisible = 0;
			defaultConfigurationName = Release;
		};
		185CF8451CB65A32005E1EEC /* Build configuration list for PBXNativeTarget "新浪微博UITests" */ = {
			isa = XCConfigurationList;
			buildConfigurations = (
				185CF8461CB65A32005E1EEC /* Debug */,
				185CF8471CB65A32005E1EEC /* Release */,
			);
			defaultConfigurationIsVisible = 0;
			defaultConfigurationName = Release;
		};
/* End XCConfigurationList section */
	};
	rootObject = 185CF80A1CB65A32005E1EEC /* Project object */;
}
